
Microsoft Visual Studio Solution File, Format Version 11.00
# Visual Studio 2010
Project("{FAE04EC0-301F-11D3-BF4B-00C04F79EFBC}") = "UnityEngine.UI", "UnityEngine.UI.csproj", "{0E1F57AD-0DF7-9D4E-7805-431714C6C0DB}"
EndProject
Project("{FAE04EC0-301F-11D3-BF4B-00C04F79EFBC}") = "com.unity.multiplayer-hlapi.Runtime", "com.unity.multiplayer-hlapi.Runtime.csproj", "{F73704D0-D5ED-D356-11A2-3CD909658CA4}"
EndProject
Project("{FAE04EC0-301F-11D3-BF4B-00C04F79EFBC}") = "Unity.RenderPipelines.Core.Runtime", "Unity.RenderPipelines.Core.Runtime.csproj", "{C69F24F3-312D-D6DB-49EA-61401B56A0FE}"
EndProject
Project("{FAE04EC0-301F-11D3-BF4B-00C04F79EFBC}") = "Assembly-CSharp", "Assembly-CSharp.csproj", "{C103B707-B573-1655-5822-60892744D82B}"
EndProject
Project("{FAE04EC0-301F-11D3-BF4B-00C04F79EFBC}") = "UnityEngine.TestRunner", "UnityEngine.TestRunner.csproj", "{E51CD5DC-3BBA-518D-F93B-688975F6587B}"
EndProject
Project("{FAE04EC0-301F-11D3-BF4B-00C04F79EFBC}") = "Unity.Mathematics", "Unity.Mathematics.csproj", "{DA569518-5E84-9225-1EDF-9CE5DD4D091C}"
EndProject
Project("{FAE04EC0-301F-11D3-BF4B-00C04F79EFBC}") = "MoreMountains.Feedbacks", "MoreMountains.Feedbacks.csproj", "{5A9961EA-902C-BB3A-89A3-9EDE8D1072D7}"
EndProject
Project("{FAE04EC0-301F-11D3-BF4B-00C04F79EFBC}") = "Unity.InputSystem", "Unity.InputSystem.csproj", "{40AEB7AE-FDC8-9498-93AF-32B1D7FA7EEE}"
EndProject
Project("{FAE04EC0-301F-11D3-BF4B-00C04F79EFBC}") = "MoreMountains.Tools", "MoreMountains.Tools.csproj", "{C48AB0CD-C713-3D8E-1054-F1A38A21939A}"
EndProject
Project("{FAE04EC0-301F-11D3-BF4B-00C04F79EFBC}") = "Unity.RenderPipelines.Universal.Runtime", "Unity.RenderPipelines.Universal.Runtime.csproj", "{E42EE314-CA41-FD2C-450C-F5055CFA1F9F}"
EndProject
Project("{FAE04EC0-301F-11D3-BF4B-00C04F79EFBC}") = "Dreamteck.Utilities", "Dreamteck.Utilities.csproj", "{3A9920BF-84CE-EB15-1B86-01E5C38F2983}"
EndProject
Project("{FAE04EC0-301F-11D3-BF4B-00C04F79EFBC}") = "RuntimeInspector.Runtime", "RuntimeInspector.Runtime.csproj", "{0967C3F4-7F16-DFD5-02A2-973987B3BFA4}"
EndProject
Project("{FAE04EC0-301F-11D3-BF4B-00C04F79EFBC}") = "MoreMountains.Tools.Cinemachine", "MoreMountains.Tools.Cinemachine.csproj", "{741FB303-6336-3B09-7623-DA537F4C2E93}"
EndProject
Project("{FAE04EC0-301F-11D3-BF4B-00C04F79EFBC}") = "PhotonUnityNetworking.Demos", "PhotonUnityNetworking.Demos.csproj", "{5E082870-8EB4-29FA-54C8-77BA8904C71B}"
EndProject
Project("{FAE04EC0-301F-11D3-BF4B-00C04F79EFBC}") = "Dreamteck.Splines", "Dreamteck.Splines.csproj", "{B1EC46A8-4AE6-9C37-DA07-ECA2C1712AC6}"
EndProject
Project("{FAE04EC0-301F-11D3-BF4B-00C04F79EFBC}") = "Unity.TextMeshPro", "Unity.TextMeshPro.csproj", "{DB625AA0-4787-BA16-F931-FD4FE520B207}"
EndProject
Project("{FAE04EC0-301F-11D3-BF4B-00C04F79EFBC}") = "MoreMountains.Feedbacks.URP", "MoreMountains.Feedbacks.URP.csproj", "{5B0F65E8-0BD5-F941-A025-2261594865A3}"
EndProject
Project("{FAE04EC0-301F-11D3-BF4B-00C04F79EFBC}") = "Lofelt.NiceVibrations.Demo", "Lofelt.NiceVibrations.Demo.csproj", "{113F6C9C-E2F1-C9ED-5CED-D3422B412440}"
EndProject
Project("{FAE04EC0-301F-11D3-BF4B-00C04F79EFBC}") = "MoreMountains.Feedbacks.NiceVibrations", "MoreMountains.Feedbacks.NiceVibrations.csproj", "{4085455B-8DEA-2927-BA2A-E7EC237BB8E7}"
EndProject
Project("{FAE04EC0-301F-11D3-BF4B-00C04F79EFBC}") = "Cinemachine", "Cinemachine.csproj", "{487E94BB-695A-CDFF-7E33-DE7594FD355C}"
EndProject
Project("{FAE04EC0-301F-11D3-BF4B-00C04F79EFBC}") = "Unity.Timeline", "Unity.Timeline.csproj", "{EE2DD460-0A84-9787-B37E-31FBF7205FC9}"
EndProject
Project("{FAE04EC0-301F-11D3-BF4B-00C04F79EFBC}") = "MoreMountains.Feedbacks.PostProcessing", "MoreMountains.Feedbacks.PostProcessing.csproj", "{B2204F46-400A-6D37-AA6B-359EEF9C1260}"
EndProject
Project("{FAE04EC0-301F-11D3-BF4B-00C04F79EFBC}") = "Unity.Postprocessing.Runtime", "Unity.Postprocessing.Runtime.csproj", "{71F3AC9C-B31E-B177-9BD9-72DD8CE6968D}"
EndProject
Project("{FAE04EC0-301F-11D3-BF4B-00C04F79EFBC}") = "MoreMountains.Feedbacks.MMTools", "MoreMountains.Feedbacks.MMTools.csproj", "{31BC3F6C-E73D-1176-B788-3032EF6304EA}"
EndProject
Project("{FAE04EC0-301F-11D3-BF4B-00C04F79EFBC}") = "MoreMountains.Feedbacks.TextMeshPro", "MoreMountains.Feedbacks.TextMeshPro.csproj", "{F4A03743-F98F-A1A4-917E-5AE29F70B9B9}"
EndProject
Project("{FAE04EC0-301F-11D3-BF4B-00C04F79EFBC}") = "PhotonRealtime", "PhotonRealtime.csproj", "{41013C0E-63E3-2987-331D-F10DA427F728}"
EndProject
Project("{FAE04EC0-301F-11D3-BF4B-00C04F79EFBC}") = "PhotonUnityNetworking.Utilities", "PhotonUnityNetworking.Utilities.csproj", "{E6D6BF29-620A-94D3-35C2-DD9D728356C5}"
EndProject
Project("{FAE04EC0-301F-11D3-BF4B-00C04F79EFBC}") = "PhotonUnityNetworking", "PhotonUnityNetworking.csproj", "{7F011F96-D337-7A8A-4D68-714647330075}"
EndProject
Project("{FAE04EC0-301F-11D3-BF4B-00C04F79EFBC}") = "MoreMountains.Feedbacks.Cinemachine", "MoreMountains.Feedbacks.Cinemachine.csproj", "{0276E9AA-E896-3D92-BAAF-F22AE6EFE481}"
EndProject
Project("{FAE04EC0-301F-11D3-BF4B-00C04F79EFBC}") = "MoreMountains.Feel.Demos.URP", "MoreMountains.Feel.Demos.URP.csproj", "{ACE332FB-1029-0609-3884-CF9987F9AD4E}"
EndProject
Project("{FAE04EC0-301F-11D3-BF4B-00C04F79EFBC}") = "sc.fae.runtime", "sc.fae.runtime.csproj", "{0CB5A60E-5618-B56D-ACC4-4E8669E66597}"
EndProject
Project("{FAE04EC0-301F-11D3-BF4B-00C04F79EFBC}") = "PhotonChat", "PhotonChat.csproj", "{C3D57291-15F9-58B7-3EF6-79761D4F578B}"
EndProject
Project("{FAE04EC0-301F-11D3-BF4B-00C04F79EFBC}") = "MoreMountains.Tools.Feedbacks", "MoreMountains.Tools.Feedbacks.csproj", "{32C152A2-E2DA-6D05-D8A9-919F98558E0E}"
EndProject
Project("{FAE04EC0-301F-11D3-BF4B-00C04F79EFBC}") = "sc.fae.editor", "sc.fae.editor.csproj", "{E8D724FD-723E-3F34-0D4C-16790DECCCAB}"
EndProject
Project("{FAE04EC0-301F-11D3-BF4B-00C04F79EFBC}") = "Lofelt.NiceVibrations", "Lofelt.NiceVibrations.csproj", "{FE9458B1-21BF-3F9A-81B5-657D66B16128}"
EndProject
Project("{FAE04EC0-301F-11D3-BF4B-00C04F79EFBC}") = "Unity.RenderPipelines.Core.ShaderLibrary", "Unity.RenderPipelines.Core.ShaderLibrary.csproj", "{66AECDFB-26E9-07AB-E1F7-DB0F7302922E}"
EndProject
Project("{FAE04EC0-301F-11D3-BF4B-00C04F79EFBC}") = "Unity.RenderPipeline.Universal.ShaderLibrary", "Unity.RenderPipeline.Universal.ShaderLibrary.csproj", "{471FF0B9-8F8A-830A-8008-1F9407BF39C7}"
EndProject
Project("{FAE04EC0-301F-11D3-BF4B-00C04F79EFBC}") = "MoreMountains.Tools.TextMeshPro", "MoreMountains.Tools.TextMeshPro.csproj", "{D14A9659-8EAC-BF4F-FD21-16098C557913}"
EndProject
Project("{FAE04EC0-301F-11D3-BF4B-00C04F79EFBC}") = "Unity.RenderPipelines.Universal.Shaders", "Unity.RenderPipelines.Universal.Shaders.csproj", "{E740B3AC-1367-2F1A-67CE-CD5140426DCF}"
EndProject
Project("{FAE04EC0-301F-11D3-BF4B-00C04F79EFBC}") = "Unity.RenderPipelines.ShaderGraph.ShaderGraphLibrary", "Unity.RenderPipelines.ShaderGraph.ShaderGraphLibrary.csproj", "{36B659A8-2F11-F26E-9C3F-8B65586C3625}"
EndProject
Project("{FAE04EC0-301F-11D3-BF4B-00C04F79EFBC}") = "MoreMountains.Tools.Editor", "MoreMountains.Tools.Editor.csproj", "{EA36F9F7-3C6D-1159-477B-A7058ECDD34C}"
EndProject
Project("{FAE04EC0-301F-11D3-BF4B-00C04F79EFBC}") = "Unity.PlasticSCM.Editor", "Unity.PlasticSCM.Editor.csproj", "{337072A5-EE35-3759-0C8F-210787D4BAAE}"
EndProject
Project("{FAE04EC0-301F-11D3-BF4B-00C04F79EFBC}") = "Unity.ShaderGraph.Editor", "Unity.ShaderGraph.Editor.csproj", "{D612F57A-A3F0-8DC2-DF89-D2DD1A25C907}"
EndProject
Project("{FAE04EC0-301F-11D3-BF4B-00C04F79EFBC}") = "Unity.VisualStudio.Editor", "Unity.VisualStudio.Editor.csproj", "{F7B46341-E8F8-62CB-9942-EEBE2871E4E9}"
EndProject
Project("{FAE04EC0-301F-11D3-BF4B-00C04F79EFBC}") = "PhotonUnityNetworking.Editor", "PhotonUnityNetworking.Editor.csproj", "{945A34E0-F3A9-D1CC-19AA-CC88CD674A33}"
EndProject
Project("{FAE04EC0-301F-11D3-BF4B-00C04F79EFBC}") = "Unity.Timeline.Editor", "Unity.Timeline.Editor.csproj", "{9A659B23-2946-6FBC-8D4C-F416D0C81165}"
EndProject
Project("{FAE04EC0-301F-11D3-BF4B-00C04F79EFBC}") = "com.unity.cinemachine.editor", "com.unity.cinemachine.editor.csproj", "{EF2E964D-06A9-F7DE-267B-BB522BB8E8A3}"
EndProject
Project("{FAE04EC0-301F-11D3-BF4B-00C04F79EFBC}") = "Unity.TextMeshPro.Editor", "Unity.TextMeshPro.Editor.csproj", "{DA7D22C9-9D65-66FA-6A35-60D7A667718B}"
EndProject
Project("{FAE04EC0-301F-11D3-BF4B-00C04F79EFBC}") = "Dreamteck.Splines.Editor", "Dreamteck.Splines.Editor.csproj", "{647EFAFC-D5FD-ED69-4D9E-8D056F66B18B}"
EndProject
Project("{FAE04EC0-301F-11D3-BF4B-00C04F79EFBC}") = "Unity.CollabProxy.Editor", "Unity.CollabProxy.Editor.csproj", "{658FD2FD-5906-991B-81D9-818EA3A44606}"
EndProject
Project("{FAE04EC0-301F-11D3-BF4B-00C04F79EFBC}") = "Unity.Postprocessing.Editor", "Unity.Postprocessing.Editor.csproj", "{F4C355F3-EF9A-08E9-630C-AAB930042FE2}"
EndProject
Project("{FAE04EC0-301F-11D3-BF4B-00C04F79EFBC}") = "UnityEditor.TestRunner", "UnityEditor.TestRunner.csproj", "{888B92DC-6529-8271-9AC0-4F61C9DBB8FC}"
EndProject
Project("{FAE04EC0-301F-11D3-BF4B-00C04F79EFBC}") = "Unity.Rider.Editor", "Unity.Rider.Editor.csproj", "{2955E63F-A908-CDA8-F51E-7B92C5165055}"
EndProject
Project("{FAE04EC0-301F-11D3-BF4B-00C04F79EFBC}") = "Unity.RenderPipelines.Universal.Editor", "Unity.RenderPipelines.Universal.Editor.csproj", "{E4676687-6352-22FE-958E-A8E6A02B6EFC}"
EndProject
Project("{FAE04EC0-301F-11D3-BF4B-00C04F79EFBC}") = "Unity.Services.Core.Editor", "Unity.Services.Core.Editor.csproj", "{7A662008-DA41-9FF4-0FA8-7A56D4AE290A}"
EndProject
Project("{FAE04EC0-301F-11D3-BF4B-00C04F79EFBC}") = "com.unity.multiplayer-hlapi.Editor", "com.unity.multiplayer-hlapi.Editor.csproj", "{603D5B69-F252-F5FE-0DB6-48DADACB424C}"
EndProject
Project("{FAE04EC0-301F-11D3-BF4B-00C04F79EFBC}") = "Unity.RenderPipelines.Core.Editor", "Unity.RenderPipelines.Core.Editor.csproj", "{39DD4722-6C73-11AB-BF73-4779E234509E}"
EndProject
Project("{FAE04EC0-301F-11D3-BF4B-00C04F79EFBC}") = "MoreMountains.Feedbacks.Editor", "MoreMountains.Feedbacks.Editor.csproj", "{8B8631CB-00E7-A2D8-8906-FC4AFE4AF3CC}"
EndProject
Project("{FAE04EC0-301F-11D3-BF4B-00C04F79EFBC}") = "Assembly-CSharp-Editor", "Assembly-CSharp-Editor.csproj", "{A6304647-1664-CD32-0717-A1C4A8C5B1CF}"
EndProject
Project("{FAE04EC0-301F-11D3-BF4B-00C04F79EFBC}") = "Unity.Searcher.Editor", "Unity.Searcher.Editor.csproj", "{E075D7BC-C5C5-F39D-74A1-356D21CFBCA8}"
EndProject
Project("{FAE04EC0-301F-11D3-BF4B-00C04F79EFBC}") = "com.unity.multiplayer-weaver.Editor", "com.unity.multiplayer-weaver.Editor.csproj", "{BF6EB53D-1DE4-5E3F-81D3-8F9A7528B827}"
EndProject
Project("{FAE04EC0-301F-11D3-BF4B-00C04F79EFBC}") = "Unity.VSCode.Editor", "Unity.VSCode.Editor.csproj", "{597CEAF2-F4E8-E55C-4B2B-CE339BE7D9C9}"
EndProject
Project("{FAE04EC0-301F-11D3-BF4B-00C04F79EFBC}") = "Unity.2D.Sprite.Editor", "Unity.2D.Sprite.Editor.csproj", "{9E3D651B-A0A6-10EE-AFC9-D8F702B9D28D}"
EndProject
Project("{FAE04EC0-301F-11D3-BF4B-00C04F79EFBC}") = "UnityEditor.UI", "UnityEditor.UI.csproj", "{18878F69-21AC-9EAA-EF86-E1E4E417B1DB}"
EndProject
Project("{FAE04EC0-301F-11D3-BF4B-00C04F79EFBC}") = "Dreamteck.Utilities.Editor", "Dreamteck.Utilities.Editor.csproj", "{EA8DF4D9-6A21-752D-F7CF-661AC48BD6AC}"
EndProject
Project("{FAE04EC0-301F-11D3-BF4B-00C04F79EFBC}") = "PhotonUnityNetworking.Utilities.PhotonPlayer.Editor", "PhotonUnityNetworking.Utilities.PhotonPlayer.Editor.csproj", "{0CFDBA74-C466-BA57-F511-B1D0F2F4C77F}"
EndProject
Project("{FAE04EC0-301F-11D3-BF4B-00C04F79EFBC}") = "Unity.Mathematics.Editor", "Unity.Mathematics.Editor.csproj", "{E47F4467-62D4-E578-AE54-187EC58E5E2B}"
EndProject
Project("{FAE04EC0-301F-11D3-BF4B-00C04F79EFBC}") = "PunDemos.DemoSlotcarEditor", "PunDemos.DemoSlotcarEditor.csproj", "{DFFD533B-D649-67D3-DFAD-21763F8B69E5}"
EndProject
Project("{FAE04EC0-301F-11D3-BF4B-00C04F79EFBC}") = "MoreMountains.Tools.Feedbacks.Editor", "MoreMountains.Tools.Feedbacks.Editor.csproj", "{F7E82299-F6E4-C52B-DFA0-E423BED1AA1F}"
EndProject
Project("{FAE04EC0-301F-11D3-BF4B-00C04F79EFBC}") = "PhotonUnityNetworking.Utilities.Culling.Editor", "PhotonUnityNetworking.Utilities.Culling.Editor.csproj", "{75BDBEAB-C9F0-A04C-6F3C-CBBA1F00F86A}"
EndProject
Project("{FAE04EC0-301F-11D3-BF4B-00C04F79EFBC}") = "PunDemos.DemoHubEditor", "PunDemos.DemoHubEditor.csproj", "{DDA3F0EF-57F6-ABC9-33FE-5D86C8FD5822}"
EndProject
Project("{FAE04EC0-301F-11D3-BF4B-00C04F79EFBC}") = "Unity.ShaderGraph.Utilities", "Unity.ShaderGraph.Utilities.csproj", "{C35EA890-5A6D-52D8-359E-D7F76B0EABA4}"
EndProject
Project("{FAE04EC0-301F-11D3-BF4B-00C04F79EFBC}") = "Unity.UniversalToonShader.Urp.Editor", "Unity.UniversalToonShader.Urp.Editor.csproj", "{D6CA6C07-7DFF-71FE-0FD3-E36F03E35A73}"
EndProject
Project("{FAE04EC0-301F-11D3-BF4B-00C04F79EFBC}") = "Lofelt.NiceVibrations.Editor", "Lofelt.NiceVibrations.Editor.csproj", "{DE68B93F-B57D-6BB9-A165-70581FDDEC30}"
EndProject
Project("{FAE04EC0-301F-11D3-BF4B-00C04F79EFBC}") = "UnityEngine.UI.Player", "UnityEngine.UI.Player.csproj", "{BA0231E4-3EBF-5737-C827-82D70F4AEC22}"
EndProject
Project("{FAE04EC0-301F-11D3-BF4B-00C04F79EFBC}") = "com.unity.multiplayer-hlapi.Runtime.Player", "com.unity.multiplayer-hlapi.Runtime.Player.csproj", "{A9E83C6B-DB86-EF6A-6DC3-6503FA98E5DD}"
EndProject
Project("{FAE04EC0-301F-11D3-BF4B-00C04F79EFBC}") = "Unity.RenderPipelines.Core.Runtime.Player", "Unity.RenderPipelines.Core.Runtime.Player.csproj", "{9721F996-77D4-BD80-E26A-9077A03F9C7F}"
EndProject
Project("{FAE04EC0-301F-11D3-BF4B-00C04F79EFBC}") = "Assembly-CSharp.Player", "Assembly-CSharp.Player.csproj", "{B75CBB66-CB75-23B1-09EB-86401DD9E4ED}"
EndProject
Project("{FAE04EC0-301F-11D3-BF4B-00C04F79EFBC}") = "UnityEngine.TestRunner.Player", "UnityEngine.TestRunner.Player.csproj", "{BF177D9C-9C90-E742-756E-10F20C7B2F33}"
EndProject
Project("{FAE04EC0-301F-11D3-BF4B-00C04F79EFBC}") = "Unity.Mathematics.Player", "Unity.Mathematics.Player.csproj", "{0025A695-7FFA-01A4-CDFC-6A1A31154047}"
EndProject
Project("{FAE04EC0-301F-11D3-BF4B-00C04F79EFBC}") = "MoreMountains.Feedbacks.Player", "MoreMountains.Feedbacks.Player.csproj", "{B6ADD5F2-B3A0-A9D8-4A82-EA852AF30A65}"
EndProject
Project("{FAE04EC0-301F-11D3-BF4B-00C04F79EFBC}") = "Unity.InputSystem.Player", "Unity.InputSystem.Player.csproj", "{5CAACF0C-78CA-429F-86B6-FD7226C531FF}"
EndProject
Project("{FAE04EC0-301F-11D3-BF4B-00C04F79EFBC}") = "MoreMountains.Tools.Player", "MoreMountains.Tools.Player.csproj", "{0154D43B-3C5C-1D2C-7943-33344720F89B}"
EndProject
Project("{FAE04EC0-301F-11D3-BF4B-00C04F79EFBC}") = "Unity.RenderPipelines.Universal.Runtime.Player", "Unity.RenderPipelines.Universal.Runtime.Player.csproj", "{DFF382F3-1436-C7B5-F39F-BC029C9416F8}"
EndProject
Project("{FAE04EC0-301F-11D3-BF4B-00C04F79EFBC}") = "Dreamteck.Utilities.Player", "Dreamteck.Utilities.Player.csproj", "{C75FEF2C-43C7-3027-CA74-D271905A3838}"
EndProject
Project("{FAE04EC0-301F-11D3-BF4B-00C04F79EFBC}") = "RuntimeInspector.Runtime.Player", "RuntimeInspector.Runtime.Player.csproj", "{293CE536-7CCD-661C-C24E-0DAB153292B3}"
EndProject
Project("{FAE04EC0-301F-11D3-BF4B-00C04F79EFBC}") = "MoreMountains.Tools.Cinemachine.Player", "MoreMountains.Tools.Cinemachine.Player.csproj", "{503DF746-2314-1C7A-7D27-868DA60FCCB7}"
EndProject
Project("{FAE04EC0-301F-11D3-BF4B-00C04F79EFBC}") = "PhotonUnityNetworking.Demos.Player", "PhotonUnityNetworking.Demos.Player.csproj", "{95EBDBC3-117D-E9CB-6AD6-B98BF4DD9548}"
EndProject
Project("{FAE04EC0-301F-11D3-BF4B-00C04F79EFBC}") = "Dreamteck.Splines.Player", "Dreamteck.Splines.Player.csproj", "{711A87C8-E9A8-54F7-5929-5446FC6585CB}"
EndProject
Project("{FAE04EC0-301F-11D3-BF4B-00C04F79EFBC}") = "Unity.TextMeshPro.Player", "Unity.TextMeshPro.Player.csproj", "{A95CFBAE-D7CC-F6BA-7F17-6969635A7B40}"
EndProject
Project("{FAE04EC0-301F-11D3-BF4B-00C04F79EFBC}") = "MoreMountains.Feedbacks.URP.Player", "MoreMountains.Feedbacks.URP.Player.csproj", "{64BD6FCF-A3D6-770B-566D-496BBD6F3FB1}"
EndProject
Project("{FAE04EC0-301F-11D3-BF4B-00C04F79EFBC}") = "Lofelt.NiceVibrations.Demo.Player", "Lofelt.NiceVibrations.Demo.Player.csproj", "{AA46977B-E715-8D14-0B48-C20AC8284D2C}"
EndProject
Project("{FAE04EC0-301F-11D3-BF4B-00C04F79EFBC}") = "MoreMountains.Feedbacks.NiceVibrations.Player", "MoreMountains.Feedbacks.NiceVibrations.Player.csproj", "{68A84AA1-F81A-BD7B-893C-69B0C17F5106}"
EndProject
Project("{FAE04EC0-301F-11D3-BF4B-00C04F79EFBC}") = "Cinemachine.Player", "Cinemachine.Player.csproj", "{3E4D9EB5-6DE5-23C9-A321-46DC6173998B}"
EndProject
Project("{FAE04EC0-301F-11D3-BF4B-00C04F79EFBC}") = "Unity.Timeline.Player", "Unity.Timeline.Player.csproj", "{AC0D06FB-1A89-AD40-1115-6E9C7C525C7D}"
EndProject
Project("{FAE04EC0-301F-11D3-BF4B-00C04F79EFBC}") = "MoreMountains.Feedbacks.PostProcessing.Player", "MoreMountains.Feedbacks.PostProcessing.Player.csproj", "{B60F0CA9-4AB1-D736-2595-79B36B93EDC8}"
EndProject
Project("{FAE04EC0-301F-11D3-BF4B-00C04F79EFBC}") = "Unity.Postprocessing.Runtime.Player", "Unity.Postprocessing.Runtime.Player.csproj", "{B6425CC7-2E40-C282-9AEE-0E5F3BDC7C52}"
EndProject
Project("{FAE04EC0-301F-11D3-BF4B-00C04F79EFBC}") = "MoreMountains.Feedbacks.MMTools.Player", "MoreMountains.Feedbacks.MMTools.Player.csproj", "{55FCD469-850F-7C98-FD23-D89386B12AD4}"
EndProject
Project("{FAE04EC0-301F-11D3-BF4B-00C04F79EFBC}") = "MoreMountains.Feedbacks.TextMeshPro.Player", "MoreMountains.Feedbacks.TextMeshPro.Player.csproj", "{F1C51C3A-68F7-D244-58FA-C1492C1B5458}"
EndProject
Project("{FAE04EC0-301F-11D3-BF4B-00C04F79EFBC}") = "PhotonRealtime.Player", "PhotonRealtime.Player.csproj", "{F03AA2EC-A54A-E6B7-2A7D-FDD2B05276B8}"
EndProject
Project("{FAE04EC0-301F-11D3-BF4B-00C04F79EFBC}") = "PhotonUnityNetworking.Utilities.Player", "PhotonUnityNetworking.Utilities.Player.csproj", "{F717F164-B377-83AA-4738-5C54FCC0901A}"
EndProject
Project("{FAE04EC0-301F-11D3-BF4B-00C04F79EFBC}") = "PhotonUnityNetworking.Player", "PhotonUnityNetworking.Player.csproj", "{1459B6DC-EFC6-E704-0919-D3E8F6AF4D69}"
EndProject
Project("{FAE04EC0-301F-11D3-BF4B-00C04F79EFBC}") = "MoreMountains.Feedbacks.Cinemachine.Player", "MoreMountains.Feedbacks.Cinemachine.Player.csproj", "{8315C4EF-B22B-992B-5FE9-0C772260C691}"
EndProject
Project("{FAE04EC0-301F-11D3-BF4B-00C04F79EFBC}") = "MoreMountains.Feel.Demos.URP.Player", "MoreMountains.Feel.Demos.URP.Player.csproj", "{79B8A429-56F9-AFEF-EF71-5807ABD0CB91}"
EndProject
Project("{FAE04EC0-301F-11D3-BF4B-00C04F79EFBC}") = "sc.fae.runtime.Player", "sc.fae.runtime.Player.csproj", "{7FA7E91C-A642-F44A-D7D2-623E7E61769A}"
EndProject
Project("{FAE04EC0-301F-11D3-BF4B-00C04F79EFBC}") = "PhotonChat.Player", "PhotonChat.Player.csproj", "{D439CA4F-B5BA-BE23-165D-30B4158C1070}"
EndProject
Project("{FAE04EC0-301F-11D3-BF4B-00C04F79EFBC}") = "MoreMountains.Tools.Feedbacks.Player", "MoreMountains.Tools.Feedbacks.Player.csproj", "{8D565580-E80D-BF63-AB29-A71D318D46B5}"
EndProject
Project("{FAE04EC0-301F-11D3-BF4B-00C04F79EFBC}") = "Lofelt.NiceVibrations.Player", "Lofelt.NiceVibrations.Player.csproj", "{57C5109B-B25C-675A-C68A-51305B0270D7}"
EndProject
Project("{FAE04EC0-301F-11D3-BF4B-00C04F79EFBC}") = "Unity.RenderPipelines.Core.ShaderLibrary.Player", "Unity.RenderPipelines.Core.ShaderLibrary.Player.csproj", "{D88361D5-8D80-7DF1-C3E5-609DCDAA03F6}"
EndProject
Project("{FAE04EC0-301F-11D3-BF4B-00C04F79EFBC}") = "Unity.RenderPipeline.Universal.ShaderLibrary.Player", "Unity.RenderPipeline.Universal.ShaderLibrary.Player.csproj", "{A0F2BFF0-89EA-B9BF-FDFC-C3313D5C08A4}"
EndProject
Project("{FAE04EC0-301F-11D3-BF4B-00C04F79EFBC}") = "MoreMountains.Tools.TextMeshPro.Player", "MoreMountains.Tools.TextMeshPro.Player.csproj", "{F5C1F915-5932-D8A4-D7EA-B242D65C83BB}"
EndProject
Project("{FAE04EC0-301F-11D3-BF4B-00C04F79EFBC}") = "Unity.RenderPipelines.Universal.Shaders.Player", "Unity.RenderPipelines.Universal.Shaders.Player.csproj", "{F661C543-6F22-BE97-4E15-E46C53244BF5}"
EndProject
Project("{FAE04EC0-301F-11D3-BF4B-00C04F79EFBC}") = "Unity.RenderPipelines.ShaderGraph.ShaderGraphLibrary.Player", "Unity.RenderPipelines.ShaderGraph.ShaderGraphLibrary.Player.csproj", "{D4FF2258-6FBF-7AD4-E452-F891F164D79B}"
EndProject
Global
	GlobalSection(SolutionConfigurationPlatforms) = preSolution
		Debug|Any CPU = Debug|Any CPU
		Release|Any CPU = Release|Any CPU
	EndGlobalSection
	GlobalSection(ProjectConfigurationPlatforms) = postSolution
		{0E1F57AD-0DF7-9D4E-7805-431714C6C0DB}.Debug|Any CPU.ActiveCfg = Debug|Any CPU
		{0E1F57AD-0DF7-9D4E-7805-431714C6C0DB}.Debug|Any CPU.Build.0 = Debug|Any CPU
		{0E1F57AD-0DF7-9D4E-7805-431714C6C0DB}.Release|Any CPU.ActiveCfg = Release|Any CPU
		{0E1F57AD-0DF7-9D4E-7805-431714C6C0DB}.Release|Any CPU.Build.0 = Release|Any CPU
		{F73704D0-D5ED-D356-11A2-3CD909658CA4}.Debug|Any CPU.ActiveCfg = Debug|Any CPU
		{F73704D0-D5ED-D356-11A2-3CD909658CA4}.Debug|Any CPU.Build.0 = Debug|Any CPU
		{F73704D0-D5ED-D356-11A2-3CD909658CA4}.Release|Any CPU.ActiveCfg = Release|Any CPU
		{F73704D0-D5ED-D356-11A2-3CD909658CA4}.Release|Any CPU.Build.0 = Release|Any CPU
		{C69F24F3-312D-D6DB-49EA-61401B56A0FE}.Debug|Any CPU.ActiveCfg = Debug|Any CPU
		{C69F24F3-312D-D6DB-49EA-61401B56A0FE}.Debug|Any CPU.Build.0 = Debug|Any CPU
		{C69F24F3-312D-D6DB-49EA-61401B56A0FE}.Release|Any CPU.ActiveCfg = Release|Any CPU
		{C69F24F3-312D-D6DB-49EA-61401B56A0FE}.Release|Any CPU.Build.0 = Release|Any CPU
		{C103B707-B573-1655-5822-60892744D82B}.Debug|Any CPU.ActiveCfg = Debug|Any CPU
		{C103B707-B573-1655-5822-60892744D82B}.Debug|Any CPU.Build.0 = Debug|Any CPU
		{C103B707-B573-1655-5822-60892744D82B}.Release|Any CPU.ActiveCfg = Release|Any CPU
		{C103B707-B573-1655-5822-60892744D82B}.Release|Any CPU.Build.0 = Release|Any CPU
		{E51CD5DC-3BBA-518D-F93B-688975F6587B}.Debug|Any CPU.ActiveCfg = Debug|Any CPU
		{E51CD5DC-3BBA-518D-F93B-688975F6587B}.Debug|Any CPU.Build.0 = Debug|Any CPU
		{E51CD5DC-3BBA-518D-F93B-688975F6587B}.Release|Any CPU.ActiveCfg = Release|Any CPU
		{E51CD5DC-3BBA-518D-F93B-688975F6587B}.Release|Any CPU.Build.0 = Release|Any CPU
		{DA569518-5E84-9225-1EDF-9CE5DD4D091C}.Debug|Any CPU.ActiveCfg = Debug|Any CPU
		{DA569518-5E84-9225-1EDF-9CE5DD4D091C}.Debug|Any CPU.Build.0 = Debug|Any CPU
		{DA569518-5E84-9225-1EDF-9CE5DD4D091C}.Release|Any CPU.ActiveCfg = Release|Any CPU
		{DA569518-5E84-9225-1EDF-9CE5DD4D091C}.Release|Any CPU.Build.0 = Release|Any CPU
		{5A9961EA-902C-BB3A-89A3-9EDE8D1072D7}.Debug|Any CPU.ActiveCfg = Debug|Any CPU
		{5A9961EA-902C-BB3A-89A3-9EDE8D1072D7}.Debug|Any CPU.Build.0 = Debug|Any CPU
		{5A9961EA-902C-BB3A-89A3-9EDE8D1072D7}.Release|Any CPU.ActiveCfg = Release|Any CPU
		{5A9961EA-902C-BB3A-89A3-9EDE8D1072D7}.Release|Any CPU.Build.0 = Release|Any CPU
		{40AEB7AE-FDC8-9498-93AF-32B1D7FA7EEE}.Debug|Any CPU.ActiveCfg = Debug|Any CPU
		{40AEB7AE-FDC8-9498-93AF-32B1D7FA7EEE}.Debug|Any CPU.Build.0 = Debug|Any CPU
		{40AEB7AE-FDC8-9498-93AF-32B1D7FA7EEE}.Release|Any CPU.ActiveCfg = Release|Any CPU
		{40AEB7AE-FDC8-9498-93AF-32B1D7FA7EEE}.Release|Any CPU.Build.0 = Release|Any CPU
		{C48AB0CD-C713-3D8E-1054-F1A38A21939A}.Debug|Any CPU.ActiveCfg = Debug|Any CPU
		{C48AB0CD-C713-3D8E-1054-F1A38A21939A}.Debug|Any CPU.Build.0 = Debug|Any CPU
		{C48AB0CD-C713-3D8E-1054-F1A38A21939A}.Release|Any CPU.ActiveCfg = Release|Any CPU
		{C48AB0CD-C713-3D8E-1054-F1A38A21939A}.Release|Any CPU.Build.0 = Release|Any CPU
		{E42EE314-CA41-FD2C-450C-F5055CFA1F9F}.Debug|Any CPU.ActiveCfg = Debug|Any CPU
		{E42EE314-CA41-FD2C-450C-F5055CFA1F9F}.Debug|Any CPU.Build.0 = Debug|Any CPU
		{E42EE314-CA41-FD2C-450C-F5055CFA1F9F}.Release|Any CPU.ActiveCfg = Release|Any CPU
		{E42EE314-CA41-FD2C-450C-F5055CFA1F9F}.Release|Any CPU.Build.0 = Release|Any CPU
		{3A9920BF-84CE-EB15-1B86-01E5C38F2983}.Debug|Any CPU.ActiveCfg = Debug|Any CPU
		{3A9920BF-84CE-EB15-1B86-01E5C38F2983}.Debug|Any CPU.Build.0 = Debug|Any CPU
		{3A9920BF-84CE-EB15-1B86-01E5C38F2983}.Release|Any CPU.ActiveCfg = Release|Any CPU
		{3A9920BF-84CE-EB15-1B86-01E5C38F2983}.Release|Any CPU.Build.0 = Release|Any CPU
		{0967C3F4-7F16-DFD5-02A2-973987B3BFA4}.Debug|Any CPU.ActiveCfg = Debug|Any CPU
		{0967C3F4-7F16-DFD5-02A2-973987B3BFA4}.Debug|Any CPU.Build.0 = Debug|Any CPU
		{0967C3F4-7F16-DFD5-02A2-973987B3BFA4}.Release|Any CPU.ActiveCfg = Release|Any CPU
		{0967C3F4-7F16-DFD5-02A2-973987B3BFA4}.Release|Any CPU.Build.0 = Release|Any CPU
		{741FB303-6336-3B09-7623-DA537F4C2E93}.Debug|Any CPU.ActiveCfg = Debug|Any CPU
		{741FB303-6336-3B09-7623-DA537F4C2E93}.Debug|Any CPU.Build.0 = Debug|Any CPU
		{741FB303-6336-3B09-7623-DA537F4C2E93}.Release|Any CPU.ActiveCfg = Release|Any CPU
		{741FB303-6336-3B09-7623-DA537F4C2E93}.Release|Any CPU.Build.0 = Release|Any CPU
		{5E082870-8EB4-29FA-54C8-77BA8904C71B}.Debug|Any CPU.ActiveCfg = Debug|Any CPU
		{5E082870-8EB4-29FA-54C8-77BA8904C71B}.Debug|Any CPU.Build.0 = Debug|Any CPU
		{5E082870-8EB4-29FA-54C8-77BA8904C71B}.Release|Any CPU.ActiveCfg = Release|Any CPU
		{5E082870-8EB4-29FA-54C8-77BA8904C71B}.Release|Any CPU.Build.0 = Release|Any CPU
		{B1EC46A8-4AE6-9C37-DA07-ECA2C1712AC6}.Debug|Any CPU.ActiveCfg = Debug|Any CPU
		{B1EC46A8-4AE6-9C37-DA07-ECA2C1712AC6}.Debug|Any CPU.Build.0 = Debug|Any CPU
		{B1EC46A8-4AE6-9C37-DA07-ECA2C1712AC6}.Release|Any CPU.ActiveCfg = Release|Any CPU
		{B1EC46A8-4AE6-9C37-DA07-ECA2C1712AC6}.Release|Any CPU.Build.0 = Release|Any CPU
		{DB625AA0-4787-BA16-F931-FD4FE520B207}.Debug|Any CPU.ActiveCfg = Debug|Any CPU
		{DB625AA0-4787-BA16-F931-FD4FE520B207}.Debug|Any CPU.Build.0 = Debug|Any CPU
		{DB625AA0-4787-BA16-F931-FD4FE520B207}.Release|Any CPU.ActiveCfg = Release|Any CPU
		{DB625AA0-4787-BA16-F931-FD4FE520B207}.Release|Any CPU.Build.0 = Release|Any CPU
		{5B0F65E8-0BD5-F941-A025-2261594865A3}.Debug|Any CPU.ActiveCfg = Debug|Any CPU
		{5B0F65E8-0BD5-F941-A025-2261594865A3}.Debug|Any CPU.Build.0 = Debug|Any CPU
		{5B0F65E8-0BD5-F941-A025-2261594865A3}.Release|Any CPU.ActiveCfg = Release|Any CPU
		{5B0F65E8-0BD5-F941-A025-2261594865A3}.Release|Any CPU.Build.0 = Release|Any CPU
		{113F6C9C-E2F1-C9ED-5CED-D3422B412440}.Debug|Any CPU.ActiveCfg = Debug|Any CPU
		{113F6C9C-E2F1-C9ED-5CED-D3422B412440}.Debug|Any CPU.Build.0 = Debug|Any CPU
		{113F6C9C-E2F1-C9ED-5CED-D3422B412440}.Release|Any CPU.ActiveCfg = Release|Any CPU
		{113F6C9C-E2F1-C9ED-5CED-D3422B412440}.Release|Any CPU.Build.0 = Release|Any CPU
		{4085455B-8DEA-2927-BA2A-E7EC237BB8E7}.Debug|Any CPU.ActiveCfg = Debug|Any CPU
		{4085455B-8DEA-2927-BA2A-E7EC237BB8E7}.Debug|Any CPU.Build.0 = Debug|Any CPU
		{4085455B-8DEA-2927-BA2A-E7EC237BB8E7}.Release|Any CPU.ActiveCfg = Release|Any CPU
		{4085455B-8DEA-2927-BA2A-E7EC237BB8E7}.Release|Any CPU.Build.0 = Release|Any CPU
		{487E94BB-695A-CDFF-7E33-DE7594FD355C}.Debug|Any CPU.ActiveCfg = Debug|Any CPU
		{487E94BB-695A-CDFF-7E33-DE7594FD355C}.Debug|Any CPU.Build.0 = Debug|Any CPU
		{487E94BB-695A-CDFF-7E33-DE7594FD355C}.Release|Any CPU.ActiveCfg = Release|Any CPU
		{487E94BB-695A-CDFF-7E33-DE7594FD355C}.Release|Any CPU.Build.0 = Release|Any CPU
		{EE2DD460-0A84-9787-B37E-31FBF7205FC9}.Debug|Any CPU.ActiveCfg = Debug|Any CPU
		{EE2DD460-0A84-9787-B37E-31FBF7205FC9}.Debug|Any CPU.Build.0 = Debug|Any CPU
		{EE2DD460-0A84-9787-B37E-31FBF7205FC9}.Release|Any CPU.ActiveCfg = Release|Any CPU
		{EE2DD460-0A84-9787-B37E-31FBF7205FC9}.Release|Any CPU.Build.0 = Release|Any CPU
		{B2204F46-400A-6D37-AA6B-359EEF9C1260}.Debug|Any CPU.ActiveCfg = Debug|Any CPU
		{B2204F46-400A-6D37-AA6B-359EEF9C1260}.Debug|Any CPU.Build.0 = Debug|Any CPU
		{B2204F46-400A-6D37-AA6B-359EEF9C1260}.Release|Any CPU.ActiveCfg = Release|Any CPU
		{B2204F46-400A-6D37-AA6B-359EEF9C1260}.Release|Any CPU.Build.0 = Release|Any CPU
		{71F3AC9C-B31E-B177-9BD9-72DD8CE6968D}.Debug|Any CPU.ActiveCfg = Debug|Any CPU
		{71F3AC9C-B31E-B177-9BD9-72DD8CE6968D}.Debug|Any CPU.Build.0 = Debug|Any CPU
		{71F3AC9C-B31E-B177-9BD9-72DD8CE6968D}.Release|Any CPU.ActiveCfg = Release|Any CPU
		{71F3AC9C-B31E-B177-9BD9-72DD8CE6968D}.Release|Any CPU.Build.0 = Release|Any CPU
		{31BC3F6C-E73D-1176-B788-3032EF6304EA}.Debug|Any CPU.ActiveCfg = Debug|Any CPU
		{31BC3F6C-E73D-1176-B788-3032EF6304EA}.Debug|Any CPU.Build.0 = Debug|Any CPU
		{31BC3F6C-E73D-1176-B788-3032EF6304EA}.Release|Any CPU.ActiveCfg = Release|Any CPU
		{31BC3F6C-E73D-1176-B788-3032EF6304EA}.Release|Any CPU.Build.0 = Release|Any CPU
		{F4A03743-F98F-A1A4-917E-5AE29F70B9B9}.Debug|Any CPU.ActiveCfg = Debug|Any CPU
		{F4A03743-F98F-A1A4-917E-5AE29F70B9B9}.Debug|Any CPU.Build.0 = Debug|Any CPU
		{F4A03743-F98F-A1A4-917E-5AE29F70B9B9}.Release|Any CPU.ActiveCfg = Release|Any CPU
		{F4A03743-F98F-A1A4-917E-5AE29F70B9B9}.Release|Any CPU.Build.0 = Release|Any CPU
		{41013C0E-63E3-2987-331D-F10DA427F728}.Debug|Any CPU.ActiveCfg = Debug|Any CPU
		{41013C0E-63E3-2987-331D-F10DA427F728}.Debug|Any CPU.Build.0 = Debug|Any CPU
		{41013C0E-63E3-2987-331D-F10DA427F728}.Release|Any CPU.ActiveCfg = Release|Any CPU
		{41013C0E-63E3-2987-331D-F10DA427F728}.Release|Any CPU.Build.0 = Release|Any CPU
		{E6D6BF29-620A-94D3-35C2-DD9D728356C5}.Debug|Any CPU.ActiveCfg = Debug|Any CPU
		{E6D6BF29-620A-94D3-35C2-DD9D728356C5}.Debug|Any CPU.Build.0 = Debug|Any CPU
		{E6D6BF29-620A-94D3-35C2-DD9D728356C5}.Release|Any CPU.ActiveCfg = Release|Any CPU
		{E6D6BF29-620A-94D3-35C2-DD9D728356C5}.Release|Any CPU.Build.0 = Release|Any CPU
		{7F011F96-D337-7A8A-4D68-714647330075}.Debug|Any CPU.ActiveCfg = Debug|Any CPU
		{7F011F96-D337-7A8A-4D68-714647330075}.Debug|Any CPU.Build.0 = Debug|Any CPU
		{7F011F96-D337-7A8A-4D68-714647330075}.Release|Any CPU.ActiveCfg = Release|Any CPU
		{7F011F96-D337-7A8A-4D68-714647330075}.Release|Any CPU.Build.0 = Release|Any CPU
		{0276E9AA-E896-3D92-BAAF-F22AE6EFE481}.Debug|Any CPU.ActiveCfg = Debug|Any CPU
		{0276E9AA-E896-3D92-BAAF-F22AE6EFE481}.Debug|Any CPU.Build.0 = Debug|Any CPU
		{0276E9AA-E896-3D92-BAAF-F22AE6EFE481}.Release|Any CPU.ActiveCfg = Release|Any CPU
		{0276E9AA-E896-3D92-BAAF-F22AE6EFE481}.Release|Any CPU.Build.0 = Release|Any CPU
		{ACE332FB-1029-0609-3884-CF9987F9AD4E}.Debug|Any CPU.ActiveCfg = Debug|Any CPU
		{ACE332FB-1029-0609-3884-CF9987F9AD4E}.Debug|Any CPU.Build.0 = Debug|Any CPU
		{ACE332FB-1029-0609-3884-CF9987F9AD4E}.Release|Any CPU.ActiveCfg = Release|Any CPU
		{ACE332FB-1029-0609-3884-CF9987F9AD4E}.Release|Any CPU.Build.0 = Release|Any CPU
		{0CB5A60E-5618-B56D-ACC4-4E8669E66597}.Debug|Any CPU.ActiveCfg = Debug|Any CPU
		{0CB5A60E-5618-B56D-ACC4-4E8669E66597}.Debug|Any CPU.Build.0 = Debug|Any CPU
		{0CB5A60E-5618-B56D-ACC4-4E8669E66597}.Release|Any CPU.ActiveCfg = Release|Any CPU
		{0CB5A60E-5618-B56D-ACC4-4E8669E66597}.Release|Any CPU.Build.0 = Release|Any CPU
		{C3D57291-15F9-58B7-3EF6-79761D4F578B}.Debug|Any CPU.ActiveCfg = Debug|Any CPU
		{C3D57291-15F9-58B7-3EF6-79761D4F578B}.Debug|Any CPU.Build.0 = Debug|Any CPU
		{C3D57291-15F9-58B7-3EF6-79761D4F578B}.Release|Any CPU.ActiveCfg = Release|Any CPU
		{C3D57291-15F9-58B7-3EF6-79761D4F578B}.Release|Any CPU.Build.0 = Release|Any CPU
		{32C152A2-E2DA-6D05-D8A9-919F98558E0E}.Debug|Any CPU.ActiveCfg = Debug|Any CPU
		{32C152A2-E2DA-6D05-D8A9-919F98558E0E}.Debug|Any CPU.Build.0 = Debug|Any CPU
		{32C152A2-E2DA-6D05-D8A9-919F98558E0E}.Release|Any CPU.ActiveCfg = Release|Any CPU
		{32C152A2-E2DA-6D05-D8A9-919F98558E0E}.Release|Any CPU.Build.0 = Release|Any CPU
		{E8D724FD-723E-3F34-0D4C-16790DECCCAB}.Debug|Any CPU.ActiveCfg = Debug|Any CPU
		{E8D724FD-723E-3F34-0D4C-16790DECCCAB}.Debug|Any CPU.Build.0 = Debug|Any CPU
		{E8D724FD-723E-3F34-0D4C-16790DECCCAB}.Release|Any CPU.ActiveCfg = Release|Any CPU
		{E8D724FD-723E-3F34-0D4C-16790DECCCAB}.Release|Any CPU.Build.0 = Release|Any CPU
		{FE9458B1-21BF-3F9A-81B5-657D66B16128}.Debug|Any CPU.ActiveCfg = Debug|Any CPU
		{FE9458B1-21BF-3F9A-81B5-657D66B16128}.Debug|Any CPU.Build.0 = Debug|Any CPU
		{FE9458B1-21BF-3F9A-81B5-657D66B16128}.Release|Any CPU.ActiveCfg = Release|Any CPU
		{FE9458B1-21BF-3F9A-81B5-657D66B16128}.Release|Any CPU.Build.0 = Release|Any CPU
		{66AECDFB-26E9-07AB-E1F7-DB0F7302922E}.Debug|Any CPU.ActiveCfg = Debug|Any CPU
		{66AECDFB-26E9-07AB-E1F7-DB0F7302922E}.Debug|Any CPU.Build.0 = Debug|Any CPU
		{66AECDFB-26E9-07AB-E1F7-DB0F7302922E}.Release|Any CPU.ActiveCfg = Release|Any CPU
		{66AECDFB-26E9-07AB-E1F7-DB0F7302922E}.Release|Any CPU.Build.0 = Release|Any CPU
		{471FF0B9-8F8A-830A-8008-1F9407BF39C7}.Debug|Any CPU.ActiveCfg = Debug|Any CPU
		{471FF0B9-8F8A-830A-8008-1F9407BF39C7}.Debug|Any CPU.Build.0 = Debug|Any CPU
		{471FF0B9-8F8A-830A-8008-1F9407BF39C7}.Release|Any CPU.ActiveCfg = Release|Any CPU
		{471FF0B9-8F8A-830A-8008-1F9407BF39C7}.Release|Any CPU.Build.0 = Release|Any CPU
		{D14A9659-8EAC-BF4F-FD21-16098C557913}.Debug|Any CPU.ActiveCfg = Debug|Any CPU
		{D14A9659-8EAC-BF4F-FD21-16098C557913}.Debug|Any CPU.Build.0 = Debug|Any CPU
		{D14A9659-8EAC-BF4F-FD21-16098C557913}.Release|Any CPU.ActiveCfg = Release|Any CPU
		{D14A9659-8EAC-BF4F-FD21-16098C557913}.Release|Any CPU.Build.0 = Release|Any CPU
		{E740B3AC-1367-2F1A-67CE-CD5140426DCF}.Debug|Any CPU.ActiveCfg = Debug|Any CPU
		{E740B3AC-1367-2F1A-67CE-CD5140426DCF}.Debug|Any CPU.Build.0 = Debug|Any CPU
		{E740B3AC-1367-2F1A-67CE-CD5140426DCF}.Release|Any CPU.ActiveCfg = Release|Any CPU
		{E740B3AC-1367-2F1A-67CE-CD5140426DCF}.Release|Any CPU.Build.0 = Release|Any CPU
		{36B659A8-2F11-F26E-9C3F-8B65586C3625}.Debug|Any CPU.ActiveCfg = Debug|Any CPU
		{36B659A8-2F11-F26E-9C3F-8B65586C3625}.Debug|Any CPU.Build.0 = Debug|Any CPU
		{36B659A8-2F11-F26E-9C3F-8B65586C3625}.Release|Any CPU.ActiveCfg = Release|Any CPU
		{36B659A8-2F11-F26E-9C3F-8B65586C3625}.Release|Any CPU.Build.0 = Release|Any CPU
		{EA36F9F7-3C6D-1159-477B-A7058ECDD34C}.Debug|Any CPU.ActiveCfg = Debug|Any CPU
		{EA36F9F7-3C6D-1159-477B-A7058ECDD34C}.Debug|Any CPU.Build.0 = Debug|Any CPU
		{EA36F9F7-3C6D-1159-477B-A7058ECDD34C}.Release|Any CPU.ActiveCfg = Release|Any CPU
		{EA36F9F7-3C6D-1159-477B-A7058ECDD34C}.Release|Any CPU.Build.0 = Release|Any CPU
		{337072A5-EE35-3759-0C8F-210787D4BAAE}.Debug|Any CPU.ActiveCfg = Debug|Any CPU
		{337072A5-EE35-3759-0C8F-210787D4BAAE}.Debug|Any CPU.Build.0 = Debug|Any CPU
		{337072A5-EE35-3759-0C8F-210787D4BAAE}.Release|Any CPU.ActiveCfg = Release|Any CPU
		{337072A5-EE35-3759-0C8F-210787D4BAAE}.Release|Any CPU.Build.0 = Release|Any CPU
		{D612F57A-A3F0-8DC2-DF89-D2DD1A25C907}.Debug|Any CPU.ActiveCfg = Debug|Any CPU
		{D612F57A-A3F0-8DC2-DF89-D2DD1A25C907}.Debug|Any CPU.Build.0 = Debug|Any CPU
		{D612F57A-A3F0-8DC2-DF89-D2DD1A25C907}.Release|Any CPU.ActiveCfg = Release|Any CPU
		{D612F57A-A3F0-8DC2-DF89-D2DD1A25C907}.Release|Any CPU.Build.0 = Release|Any CPU
		{F7B46341-E8F8-62CB-9942-EEBE2871E4E9}.Debug|Any CPU.ActiveCfg = Debug|Any CPU
		{F7B46341-E8F8-62CB-9942-EEBE2871E4E9}.Debug|Any CPU.Build.0 = Debug|Any CPU
		{F7B46341-E8F8-62CB-9942-EEBE2871E4E9}.Release|Any CPU.ActiveCfg = Release|Any CPU
		{F7B46341-E8F8-62CB-9942-EEBE2871E4E9}.Release|Any CPU.Build.0 = Release|Any CPU
		{945A34E0-F3A9-D1CC-19AA-CC88CD674A33}.Debug|Any CPU.ActiveCfg = Debug|Any CPU
		{945A34E0-F3A9-D1CC-19AA-CC88CD674A33}.Debug|Any CPU.Build.0 = Debug|Any CPU
		{945A34E0-F3A9-D1CC-19AA-CC88CD674A33}.Release|Any CPU.ActiveCfg = Release|Any CPU
		{945A34E0-F3A9-D1CC-19AA-CC88CD674A33}.Release|Any CPU.Build.0 = Release|Any CPU
		{9A659B23-2946-6FBC-8D4C-F416D0C81165}.Debug|Any CPU.ActiveCfg = Debug|Any CPU
		{9A659B23-2946-6FBC-8D4C-F416D0C81165}.Debug|Any CPU.Build.0 = Debug|Any CPU
		{9A659B23-2946-6FBC-8D4C-F416D0C81165}.Release|Any CPU.ActiveCfg = Release|Any CPU
		{9A659B23-2946-6FBC-8D4C-F416D0C81165}.Release|Any CPU.Build.0 = Release|Any CPU
		{EF2E964D-06A9-F7DE-267B-BB522BB8E8A3}.Debug|Any CPU.ActiveCfg = Debug|Any CPU
		{EF2E964D-06A9-F7DE-267B-BB522BB8E8A3}.Debug|Any CPU.Build.0 = Debug|Any CPU
		{EF2E964D-06A9-F7DE-267B-BB522BB8E8A3}.Release|Any CPU.ActiveCfg = Release|Any CPU
		{EF2E964D-06A9-F7DE-267B-BB522BB8E8A3}.Release|Any CPU.Build.0 = Release|Any CPU
		{DA7D22C9-9D65-66FA-6A35-60D7A667718B}.Debug|Any CPU.ActiveCfg = Debug|Any CPU
		{DA7D22C9-9D65-66FA-6A35-60D7A667718B}.Debug|Any CPU.Build.0 = Debug|Any CPU
		{DA7D22C9-9D65-66FA-6A35-60D7A667718B}.Release|Any CPU.ActiveCfg = Release|Any CPU
		{DA7D22C9-9D65-66FA-6A35-60D7A667718B}.Release|Any CPU.Build.0 = Release|Any CPU
		{647EFAFC-D5FD-ED69-4D9E-8D056F66B18B}.Debug|Any CPU.ActiveCfg = Debug|Any CPU
		{647EFAFC-D5FD-ED69-4D9E-8D056F66B18B}.Debug|Any CPU.Build.0 = Debug|Any CPU
		{647EFAFC-D5FD-ED69-4D9E-8D056F66B18B}.Release|Any CPU.ActiveCfg = Release|Any CPU
		{647EFAFC-D5FD-ED69-4D9E-8D056F66B18B}.Release|Any CPU.Build.0 = Release|Any CPU
		{658FD2FD-5906-991B-81D9-818EA3A44606}.Debug|Any CPU.ActiveCfg = Debug|Any CPU
		{658FD2FD-5906-991B-81D9-818EA3A44606}.Debug|Any CPU.Build.0 = Debug|Any CPU
		{658FD2FD-5906-991B-81D9-818EA3A44606}.Release|Any CPU.ActiveCfg = Release|Any CPU
		{658FD2FD-5906-991B-81D9-818EA3A44606}.Release|Any CPU.Build.0 = Release|Any CPU
		{F4C355F3-EF9A-08E9-630C-AAB930042FE2}.Debug|Any CPU.ActiveCfg = Debug|Any CPU
		{F4C355F3-EF9A-08E9-630C-AAB930042FE2}.Debug|Any CPU.Build.0 = Debug|Any CPU
		{F4C355F3-EF9A-08E9-630C-AAB930042FE2}.Release|Any CPU.ActiveCfg = Release|Any CPU
		{F4C355F3-EF9A-08E9-630C-AAB930042FE2}.Release|Any CPU.Build.0 = Release|Any CPU
		{888B92DC-6529-8271-9AC0-4F61C9DBB8FC}.Debug|Any CPU.ActiveCfg = Debug|Any CPU
		{888B92DC-6529-8271-9AC0-4F61C9DBB8FC}.Debug|Any CPU.Build.0 = Debug|Any CPU
		{888B92DC-6529-8271-9AC0-4F61C9DBB8FC}.Release|Any CPU.ActiveCfg = Release|Any CPU
		{888B92DC-6529-8271-9AC0-4F61C9DBB8FC}.Release|Any CPU.Build.0 = Release|Any CPU
		{2955E63F-A908-CDA8-F51E-7B92C5165055}.Debug|Any CPU.ActiveCfg = Debug|Any CPU
		{2955E63F-A908-CDA8-F51E-7B92C5165055}.Debug|Any CPU.Build.0 = Debug|Any CPU
		{2955E63F-A908-CDA8-F51E-7B92C5165055}.Release|Any CPU.ActiveCfg = Release|Any CPU
		{2955E63F-A908-CDA8-F51E-7B92C5165055}.Release|Any CPU.Build.0 = Release|Any CPU
		{E4676687-6352-22FE-958E-A8E6A02B6EFC}.Debug|Any CPU.ActiveCfg = Debug|Any CPU
		{E4676687-6352-22FE-958E-A8E6A02B6EFC}.Debug|Any CPU.Build.0 = Debug|Any CPU
		{E4676687-6352-22FE-958E-A8E6A02B6EFC}.Release|Any CPU.ActiveCfg = Release|Any CPU
		{E4676687-6352-22FE-958E-A8E6A02B6EFC}.Release|Any CPU.Build.0 = Release|Any CPU
		{7A662008-DA41-9FF4-0FA8-7A56D4AE290A}.Debug|Any CPU.ActiveCfg = Debug|Any CPU
		{7A662008-DA41-9FF4-0FA8-7A56D4AE290A}.Debug|Any CPU.Build.0 = Debug|Any CPU
		{7A662008-DA41-9FF4-0FA8-7A56D4AE290A}.Release|Any CPU.ActiveCfg = Release|Any CPU
		{7A662008-DA41-9FF4-0FA8-7A56D4AE290A}.Release|Any CPU.Build.0 = Release|Any CPU
		{603D5B69-F252-F5FE-0DB6-48DADACB424C}.Debug|Any CPU.ActiveCfg = Debug|Any CPU
		{603D5B69-F252-F5FE-0DB6-48DADACB424C}.Debug|Any CPU.Build.0 = Debug|Any CPU
		{603D5B69-F252-F5FE-0DB6-48DADACB424C}.Release|Any CPU.ActiveCfg = Release|Any CPU
		{603D5B69-F252-F5FE-0DB6-48DADACB424C}.Release|Any CPU.Build.0 = Release|Any CPU
		{39DD4722-6C73-11AB-BF73-4779E234509E}.Debug|Any CPU.ActiveCfg = Debug|Any CPU
		{39DD4722-6C73-11AB-BF73-4779E234509E}.Debug|Any CPU.Build.0 = Debug|Any CPU
		{39DD4722-6C73-11AB-BF73-4779E234509E}.Release|Any CPU.ActiveCfg = Release|Any CPU
		{39DD4722-6C73-11AB-BF73-4779E234509E}.Release|Any CPU.Build.0 = Release|Any CPU
		{8B8631CB-00E7-A2D8-8906-FC4AFE4AF3CC}.Debug|Any CPU.ActiveCfg = Debug|Any CPU
		{8B8631CB-00E7-A2D8-8906-FC4AFE4AF3CC}.Debug|Any CPU.Build.0 = Debug|Any CPU
		{8B8631CB-00E7-A2D8-8906-FC4AFE4AF3CC}.Release|Any CPU.ActiveCfg = Release|Any CPU
		{8B8631CB-00E7-A2D8-8906-FC4AFE4AF3CC}.Release|Any CPU.Build.0 = Release|Any CPU
		{A6304647-1664-CD32-0717-A1C4A8C5B1CF}.Debug|Any CPU.ActiveCfg = Debug|Any CPU
		{A6304647-1664-CD32-0717-A1C4A8C5B1CF}.Debug|Any CPU.Build.0 = Debug|Any CPU
		{A6304647-1664-CD32-0717-A1C4A8C5B1CF}.Release|Any CPU.ActiveCfg = Release|Any CPU
		{A6304647-1664-CD32-0717-A1C4A8C5B1CF}.Release|Any CPU.Build.0 = Release|Any CPU
		{E075D7BC-C5C5-F39D-74A1-356D21CFBCA8}.Debug|Any CPU.ActiveCfg = Debug|Any CPU
		{E075D7BC-C5C5-F39D-74A1-356D21CFBCA8}.Debug|Any CPU.Build.0 = Debug|Any CPU
		{E075D7BC-C5C5-F39D-74A1-356D21CFBCA8}.Release|Any CPU.ActiveCfg = Release|Any CPU
		{E075D7BC-C5C5-F39D-74A1-356D21CFBCA8}.Release|Any CPU.Build.0 = Release|Any CPU
		{BF6EB53D-1DE4-5E3F-81D3-8F9A7528B827}.Debug|Any CPU.ActiveCfg = Debug|Any CPU
		{BF6EB53D-1DE4-5E3F-81D3-8F9A7528B827}.Debug|Any CPU.Build.0 = Debug|Any CPU
		{BF6EB53D-1DE4-5E3F-81D3-8F9A7528B827}.Release|Any CPU.ActiveCfg = Release|Any CPU
		{BF6EB53D-1DE4-5E3F-81D3-8F9A7528B827}.Release|Any CPU.Build.0 = Release|Any CPU
		{597CEAF2-F4E8-E55C-4B2B-CE339BE7D9C9}.Debug|Any CPU.ActiveCfg = Debug|Any CPU
		{597CEAF2-F4E8-E55C-4B2B-CE339BE7D9C9}.Debug|Any CPU.Build.0 = Debug|Any CPU
		{597CEAF2-F4E8-E55C-4B2B-CE339BE7D9C9}.Release|Any CPU.ActiveCfg = Release|Any CPU
		{597CEAF2-F4E8-E55C-4B2B-CE339BE7D9C9}.Release|Any CPU.Build.0 = Release|Any CPU
		{9E3D651B-A0A6-10EE-AFC9-D8F702B9D28D}.Debug|Any CPU.ActiveCfg = Debug|Any CPU
		{9E3D651B-A0A6-10EE-AFC9-D8F702B9D28D}.Debug|Any CPU.Build.0 = Debug|Any CPU
		{9E3D651B-A0A6-10EE-AFC9-D8F702B9D28D}.Release|Any CPU.ActiveCfg = Release|Any CPU
		{9E3D651B-A0A6-10EE-AFC9-D8F702B9D28D}.Release|Any CPU.Build.0 = Release|Any CPU
		{18878F69-21AC-9EAA-EF86-E1E4E417B1DB}.Debug|Any CPU.ActiveCfg = Debug|Any CPU
		{18878F69-21AC-9EAA-EF86-E1E4E417B1DB}.Debug|Any CPU.Build.0 = Debug|Any CPU
		{18878F69-21AC-9EAA-EF86-E1E4E417B1DB}.Release|Any CPU.ActiveCfg = Release|Any CPU
		{18878F69-21AC-9EAA-EF86-E1E4E417B1DB}.Release|Any CPU.Build.0 = Release|Any CPU
		{EA8DF4D9-6A21-752D-F7CF-661AC48BD6AC}.Debug|Any CPU.ActiveCfg = Debug|Any CPU
		{EA8DF4D9-6A21-752D-F7CF-661AC48BD6AC}.Debug|Any CPU.Build.0 = Debug|Any CPU
		{EA8DF4D9-6A21-752D-F7CF-661AC48BD6AC}.Release|Any CPU.ActiveCfg = Release|Any CPU
		{EA8DF4D9-6A21-752D-F7CF-661AC48BD6AC}.Release|Any CPU.Build.0 = Release|Any CPU
		{0CFDBA74-C466-BA57-F511-B1D0F2F4C77F}.Debug|Any CPU.ActiveCfg = Debug|Any CPU
		{0CFDBA74-C466-BA57-F511-B1D0F2F4C77F}.Debug|Any CPU.Build.0 = Debug|Any CPU
		{0CFDBA74-C466-BA57-F511-B1D0F2F4C77F}.Release|Any CPU.ActiveCfg = Release|Any CPU
		{0CFDBA74-C466-BA57-F511-B1D0F2F4C77F}.Release|Any CPU.Build.0 = Release|Any CPU
		{E47F4467-62D4-E578-AE54-187EC58E5E2B}.Debug|Any CPU.ActiveCfg = Debug|Any CPU
		{E47F4467-62D4-E578-AE54-187EC58E5E2B}.Debug|Any CPU.Build.0 = Debug|Any CPU
		{E47F4467-62D4-E578-AE54-187EC58E5E2B}.Release|Any CPU.ActiveCfg = Release|Any CPU
		{E47F4467-62D4-E578-AE54-187EC58E5E2B}.Release|Any CPU.Build.0 = Release|Any CPU
		{DFFD533B-D649-67D3-DFAD-21763F8B69E5}.Debug|Any CPU.ActiveCfg = Debug|Any CPU
		{DFFD533B-D649-67D3-DFAD-21763F8B69E5}.Debug|Any CPU.Build.0 = Debug|Any CPU
		{DFFD533B-D649-67D3-DFAD-21763F8B69E5}.Release|Any CPU.ActiveCfg = Release|Any CPU
		{DFFD533B-D649-67D3-DFAD-21763F8B69E5}.Release|Any CPU.Build.0 = Release|Any CPU
		{F7E82299-F6E4-C52B-DFA0-E423BED1AA1F}.Debug|Any CPU.ActiveCfg = Debug|Any CPU
		{F7E82299-F6E4-C52B-DFA0-E423BED1AA1F}.Debug|Any CPU.Build.0 = Debug|Any CPU
		{F7E82299-F6E4-C52B-DFA0-E423BED1AA1F}.Release|Any CPU.ActiveCfg = Release|Any CPU
		{F7E82299-F6E4-C52B-DFA0-E423BED1AA1F}.Release|Any CPU.Build.0 = Release|Any CPU
		{75BDBEAB-C9F0-A04C-6F3C-CBBA1F00F86A}.Debug|Any CPU.ActiveCfg = Debug|Any CPU
		{75BDBEAB-C9F0-A04C-6F3C-CBBA1F00F86A}.Debug|Any CPU.Build.0 = Debug|Any CPU
		{75BDBEAB-C9F0-A04C-6F3C-CBBA1F00F86A}.Release|Any CPU.ActiveCfg = Release|Any CPU
		{75BDBEAB-C9F0-A04C-6F3C-CBBA1F00F86A}.Release|Any CPU.Build.0 = Release|Any CPU
		{DDA3F0EF-57F6-ABC9-33FE-5D86C8FD5822}.Debug|Any CPU.ActiveCfg = Debug|Any CPU
		{DDA3F0EF-57F6-ABC9-33FE-5D86C8FD5822}.Debug|Any CPU.Build.0 = Debug|Any CPU
		{DDA3F0EF-57F6-ABC9-33FE-5D86C8FD5822}.Release|Any CPU.ActiveCfg = Release|Any CPU
		{DDA3F0EF-57F6-ABC9-33FE-5D86C8FD5822}.Release|Any CPU.Build.0 = Release|Any CPU
		{C35EA890-5A6D-52D8-359E-D7F76B0EABA4}.Debug|Any CPU.ActiveCfg = Debug|Any CPU
		{C35EA890-5A6D-52D8-359E-D7F76B0EABA4}.Debug|Any CPU.Build.0 = Debug|Any CPU
		{C35EA890-5A6D-52D8-359E-D7F76B0EABA4}.Release|Any CPU.ActiveCfg = Release|Any CPU
		{C35EA890-5A6D-52D8-359E-D7F76B0EABA4}.Release|Any CPU.Build.0 = Release|Any CPU
		{D6CA6C07-7DFF-71FE-0FD3-E36F03E35A73}.Debug|Any CPU.ActiveCfg = Debug|Any CPU
		{D6CA6C07-7DFF-71FE-0FD3-E36F03E35A73}.Debug|Any CPU.Build.0 = Debug|Any CPU
		{D6CA6C07-7DFF-71FE-0FD3-E36F03E35A73}.Release|Any CPU.ActiveCfg = Release|Any CPU
		{D6CA6C07-7DFF-71FE-0FD3-E36F03E35A73}.Release|Any CPU.Build.0 = Release|Any CPU
		{DE68B93F-B57D-6BB9-A165-70581FDDEC30}.Debug|Any CPU.ActiveCfg = Debug|Any CPU
		{DE68B93F-B57D-6BB9-A165-70581FDDEC30}.Debug|Any CPU.Build.0 = Debug|Any CPU
		{DE68B93F-B57D-6BB9-A165-70581FDDEC30}.Release|Any CPU.ActiveCfg = Release|Any CPU
		{DE68B93F-B57D-6BB9-A165-70581FDDEC30}.Release|Any CPU.Build.0 = Release|Any CPU
		{BA0231E4-3EBF-5737-C827-82D70F4AEC22}.Debug|Any CPU.ActiveCfg = Debug|Any CPU
		{BA0231E4-3EBF-5737-C827-82D70F4AEC22}.Debug|Any CPU.Build.0 = Debug|Any CPU
		{BA0231E4-3EBF-5737-C827-82D70F4AEC22}.Release|Any CPU.ActiveCfg = Release|Any CPU
		{BA0231E4-3EBF-5737-C827-82D70F4AEC22}.Release|Any CPU.Build.0 = Release|Any CPU
		{A9E83C6B-DB86-EF6A-6DC3-6503FA98E5DD}.Debug|Any CPU.ActiveCfg = Debug|Any CPU
		{A9E83C6B-DB86-EF6A-6DC3-6503FA98E5DD}.Debug|Any CPU.Build.0 = Debug|Any CPU
		{A9E83C6B-DB86-EF6A-6DC3-6503FA98E5DD}.Release|Any CPU.ActiveCfg = Release|Any CPU
		{A9E83C6B-DB86-EF6A-6DC3-6503FA98E5DD}.Release|Any CPU.Build.0 = Release|Any CPU
		{9721F996-77D4-BD80-E26A-9077A03F9C7F}.Debug|Any CPU.ActiveCfg = Debug|Any CPU
		{9721F996-77D4-BD80-E26A-9077A03F9C7F}.Debug|Any CPU.Build.0 = Debug|Any CPU
		{9721F996-77D4-BD80-E26A-9077A03F9C7F}.Release|Any CPU.ActiveCfg = Release|Any CPU
		{9721F996-77D4-BD80-E26A-9077A03F9C7F}.Release|Any CPU.Build.0 = Release|Any CPU
		{B75CBB66-CB75-23B1-09EB-86401DD9E4ED}.Debug|Any CPU.ActiveCfg = Debug|Any CPU
		{B75CBB66-CB75-23B1-09EB-86401DD9E4ED}.Debug|Any CPU.Build.0 = Debug|Any CPU
		{B75CBB66-CB75-23B1-09EB-86401DD9E4ED}.Release|Any CPU.ActiveCfg = Release|Any CPU
		{B75CBB66-CB75-23B1-09EB-86401DD9E4ED}.Release|Any CPU.Build.0 = Release|Any CPU
		{BF177D9C-9C90-E742-756E-10F20C7B2F33}.Debug|Any CPU.ActiveCfg = Debug|Any CPU
		{BF177D9C-9C90-E742-756E-10F20C7B2F33}.Debug|Any CPU.Build.0 = Debug|Any CPU
		{BF177D9C-9C90-E742-756E-10F20C7B2F33}.Release|Any CPU.ActiveCfg = Release|Any CPU
		{BF177D9C-9C90-E742-756E-10F20C7B2F33}.Release|Any CPU.Build.0 = Release|Any CPU
		{0025A695-7FFA-01A4-CDFC-6A1A31154047}.Debug|Any CPU.ActiveCfg = Debug|Any CPU
		{0025A695-7FFA-01A4-CDFC-6A1A31154047}.Debug|Any CPU.Build.0 = Debug|Any CPU
		{0025A695-7FFA-01A4-CDFC-6A1A31154047}.Release|Any CPU.ActiveCfg = Release|Any CPU
		{0025A695-7FFA-01A4-CDFC-6A1A31154047}.Release|Any CPU.Build.0 = Release|Any CPU
		{B6ADD5F2-B3A0-A9D8-4A82-EA852AF30A65}.Debug|Any CPU.ActiveCfg = Debug|Any CPU
		{B6ADD5F2-B3A0-A9D8-4A82-EA852AF30A65}.Debug|Any CPU.Build.0 = Debug|Any CPU
		{B6ADD5F2-B3A0-A9D8-4A82-EA852AF30A65}.Release|Any CPU.ActiveCfg = Release|Any CPU
		{B6ADD5F2-B3A0-A9D8-4A82-EA852AF30A65}.Release|Any CPU.Build.0 = Release|Any CPU
		{5CAACF0C-78CA-429F-86B6-FD7226C531FF}.Debug|Any CPU.ActiveCfg = Debug|Any CPU
		{5CAACF0C-78CA-429F-86B6-FD7226C531FF}.Debug|Any CPU.Build.0 = Debug|Any CPU
		{5CAACF0C-78CA-429F-86B6-FD7226C531FF}.Release|Any CPU.ActiveCfg = Release|Any CPU
		{5CAACF0C-78CA-429F-86B6-FD7226C531FF}.Release|Any CPU.Build.0 = Release|Any CPU
		{0154D43B-3C5C-1D2C-7943-33344720F89B}.Debug|Any CPU.ActiveCfg = Debug|Any CPU
		{0154D43B-3C5C-1D2C-7943-33344720F89B}.Debug|Any CPU.Build.0 = Debug|Any CPU
		{0154D43B-3C5C-1D2C-7943-33344720F89B}.Release|Any CPU.ActiveCfg = Release|Any CPU
		{0154D43B-3C5C-1D2C-7943-33344720F89B}.Release|Any CPU.Build.0 = Release|Any CPU
		{DFF382F3-1436-C7B5-F39F-BC029C9416F8}.Debug|Any CPU.ActiveCfg = Debug|Any CPU
		{DFF382F3-1436-C7B5-F39F-BC029C9416F8}.Debug|Any CPU.Build.0 = Debug|Any CPU
		{DFF382F3-1436-C7B5-F39F-BC029C9416F8}.Release|Any CPU.ActiveCfg = Release|Any CPU
		{DFF382F3-1436-C7B5-F39F-BC029C9416F8}.Release|Any CPU.Build.0 = Release|Any CPU
		{C75FEF2C-43C7-3027-CA74-D271905A3838}.Debug|Any CPU.ActiveCfg = Debug|Any CPU
		{C75FEF2C-43C7-3027-CA74-D271905A3838}.Debug|Any CPU.Build.0 = Debug|Any CPU
		{C75FEF2C-43C7-3027-CA74-D271905A3838}.Release|Any CPU.ActiveCfg = Release|Any CPU
		{C75FEF2C-43C7-3027-CA74-D271905A3838}.Release|Any CPU.Build.0 = Release|Any CPU
		{293CE536-7CCD-661C-C24E-0DAB153292B3}.Debug|Any CPU.ActiveCfg = Debug|Any CPU
		{293CE536-7CCD-661C-C24E-0DAB153292B3}.Debug|Any CPU.Build.0 = Debug|Any CPU
		{293CE536-7CCD-661C-C24E-0DAB153292B3}.Release|Any CPU.ActiveCfg = Release|Any CPU
		{293CE536-7CCD-661C-C24E-0DAB153292B3}.Release|Any CPU.Build.0 = Release|Any CPU
		{503DF746-2314-1C7A-7D27-868DA60FCCB7}.Debug|Any CPU.ActiveCfg = Debug|Any CPU
		{503DF746-2314-1C7A-7D27-868DA60FCCB7}.Debug|Any CPU.Build.0 = Debug|Any CPU
		{503DF746-2314-1C7A-7D27-868DA60FCCB7}.Release|Any CPU.ActiveCfg = Release|Any CPU
		{503DF746-2314-1C7A-7D27-868DA60FCCB7}.Release|Any CPU.Build.0 = Release|Any CPU
		{95EBDBC3-117D-E9CB-6AD6-B98BF4DD9548}.Debug|Any CPU.ActiveCfg = Debug|Any CPU
		{95EBDBC3-117D-E9CB-6AD6-B98BF4DD9548}.Debug|Any CPU.Build.0 = Debug|Any CPU
		{95EBDBC3-117D-E9CB-6AD6-B98BF4DD9548}.Release|Any CPU.ActiveCfg = Release|Any CPU
		{95EBDBC3-117D-E9CB-6AD6-B98BF4DD9548}.Release|Any CPU.Build.0 = Release|Any CPU
		{711A87C8-E9A8-54F7-5929-5446FC6585CB}.Debug|Any CPU.ActiveCfg = Debug|Any CPU
		{711A87C8-E9A8-54F7-5929-5446FC6585CB}.Debug|Any CPU.Build.0 = Debug|Any CPU
		{711A87C8-E9A8-54F7-5929-5446FC6585CB}.Release|Any CPU.ActiveCfg = Release|Any CPU
		{711A87C8-E9A8-54F7-5929-5446FC6585CB}.Release|Any CPU.Build.0 = Release|Any CPU
		{A95CFBAE-D7CC-F6BA-7F17-6969635A7B40}.Debug|Any CPU.ActiveCfg = Debug|Any CPU
		{A95CFBAE-D7CC-F6BA-7F17-6969635A7B40}.Debug|Any CPU.Build.0 = Debug|Any CPU
		{A95CFBAE-D7CC-F6BA-7F17-6969635A7B40}.Release|Any CPU.ActiveCfg = Release|Any CPU
		{A95CFBAE-D7CC-F6BA-7F17-6969635A7B40}.Release|Any CPU.Build.0 = Release|Any CPU
		{64BD6FCF-A3D6-770B-566D-496BBD6F3FB1}.Debug|Any CPU.ActiveCfg = Debug|Any CPU
		{64BD6FCF-A3D6-770B-566D-496BBD6F3FB1}.Debug|Any CPU.Build.0 = Debug|Any CPU
		{64BD6FCF-A3D6-770B-566D-496BBD6F3FB1}.Release|Any CPU.ActiveCfg = Release|Any CPU
		{64BD6FCF-A3D6-770B-566D-496BBD6F3FB1}.Release|Any CPU.Build.0 = Release|Any CPU
		{AA46977B-E715-8D14-0B48-C20AC8284D2C}.Debug|Any CPU.ActiveCfg = Debug|Any CPU
		{AA46977B-E715-8D14-0B48-C20AC8284D2C}.Debug|Any CPU.Build.0 = Debug|Any CPU
		{AA46977B-E715-8D14-0B48-C20AC8284D2C}.Release|Any CPU.ActiveCfg = Release|Any CPU
		{AA46977B-E715-8D14-0B48-C20AC8284D2C}.Release|Any CPU.Build.0 = Release|Any CPU
		{68A84AA1-F81A-BD7B-893C-69B0C17F5106}.Debug|Any CPU.ActiveCfg = Debug|Any CPU
		{68A84AA1-F81A-BD7B-893C-69B0C17F5106}.Debug|Any CPU.Build.0 = Debug|Any CPU
		{68A84AA1-F81A-BD7B-893C-69B0C17F5106}.Release|Any CPU.ActiveCfg = Release|Any CPU
		{68A84AA1-F81A-BD7B-893C-69B0C17F5106}.Release|Any CPU.Build.0 = Release|Any CPU
		{3E4D9EB5-6DE5-23C9-A321-46DC6173998B}.Debug|Any CPU.ActiveCfg = Debug|Any CPU
		{3E4D9EB5-6DE5-23C9-A321-46DC6173998B}.Debug|Any CPU.Build.0 = Debug|Any CPU
		{3E4D9EB5-6DE5-23C9-A321-46DC6173998B}.Release|Any CPU.ActiveCfg = Release|Any CPU
		{3E4D9EB5-6DE5-23C9-A321-46DC6173998B}.Release|Any CPU.Build.0 = Release|Any CPU
		{AC0D06FB-1A89-AD40-1115-6E9C7C525C7D}.Debug|Any CPU.ActiveCfg = Debug|Any CPU
		{AC0D06FB-1A89-AD40-1115-6E9C7C525C7D}.Debug|Any CPU.Build.0 = Debug|Any CPU
		{AC0D06FB-1A89-AD40-1115-6E9C7C525C7D}.Release|Any CPU.ActiveCfg = Release|Any CPU
		{AC0D06FB-1A89-AD40-1115-6E9C7C525C7D}.Release|Any CPU.Build.0 = Release|Any CPU
		{B60F0CA9-4AB1-D736-2595-79B36B93EDC8}.Debug|Any CPU.ActiveCfg = Debug|Any CPU
		{B60F0CA9-4AB1-D736-2595-79B36B93EDC8}.Debug|Any CPU.Build.0 = Debug|Any CPU
		{B60F0CA9-4AB1-D736-2595-79B36B93EDC8}.Release|Any CPU.ActiveCfg = Release|Any CPU
		{B60F0CA9-4AB1-D736-2595-79B36B93EDC8}.Release|Any CPU.Build.0 = Release|Any CPU
		{B6425CC7-2E40-C282-9AEE-0E5F3BDC7C52}.Debug|Any CPU.ActiveCfg = Debug|Any CPU
		{B6425CC7-2E40-C282-9AEE-0E5F3BDC7C52}.Debug|Any CPU.Build.0 = Debug|Any CPU
		{B6425CC7-2E40-C282-9AEE-0E5F3BDC7C52}.Release|Any CPU.ActiveCfg = Release|Any CPU
		{B6425CC7-2E40-C282-9AEE-0E5F3BDC7C52}.Release|Any CPU.Build.0 = Release|Any CPU
		{55FCD469-850F-7C98-FD23-D89386B12AD4}.Debug|Any CPU.ActiveCfg = Debug|Any CPU
		{55FCD469-850F-7C98-FD23-D89386B12AD4}.Debug|Any CPU.Build.0 = Debug|Any CPU
		{55FCD469-850F-7C98-FD23-D89386B12AD4}.Release|Any CPU.ActiveCfg = Release|Any CPU
		{55FCD469-850F-7C98-FD23-D89386B12AD4}.Release|Any CPU.Build.0 = Release|Any CPU
		{F1C51C3A-68F7-D244-58FA-C1492C1B5458}.Debug|Any CPU.ActiveCfg = Debug|Any CPU
		{F1C51C3A-68F7-D244-58FA-C1492C1B5458}.Debug|Any CPU.Build.0 = Debug|Any CPU
		{F1C51C3A-68F7-D244-58FA-C1492C1B5458}.Release|Any CPU.ActiveCfg = Release|Any CPU
		{F1C51C3A-68F7-D244-58FA-C1492C1B5458}.Release|Any CPU.Build.0 = Release|Any CPU
		{F03AA2EC-A54A-E6B7-2A7D-FDD2B05276B8}.Debug|Any CPU.ActiveCfg = Debug|Any CPU
		{F03AA2EC-A54A-E6B7-2A7D-FDD2B05276B8}.Debug|Any CPU.Build.0 = Debug|Any CPU
		{F03AA2EC-A54A-E6B7-2A7D-FDD2B05276B8}.Release|Any CPU.ActiveCfg = Release|Any CPU
		{F03AA2EC-A54A-E6B7-2A7D-FDD2B05276B8}.Release|Any CPU.Build.0 = Release|Any CPU
		{F717F164-B377-83AA-4738-5C54FCC0901A}.Debug|Any CPU.ActiveCfg = Debug|Any CPU
		{F717F164-B377-83AA-4738-5C54FCC0901A}.Debug|Any CPU.Build.0 = Debug|Any CPU
		{F717F164-B377-83AA-4738-5C54FCC0901A}.Release|Any CPU.ActiveCfg = Release|Any CPU
		{F717F164-B377-83AA-4738-5C54FCC0901A}.Release|Any CPU.Build.0 = Release|Any CPU
		{1459B6DC-EFC6-E704-0919-D3E8F6AF4D69}.Debug|Any CPU.ActiveCfg = Debug|Any CPU
		{1459B6DC-EFC6-E704-0919-D3E8F6AF4D69}.Debug|Any CPU.Build.0 = Debug|Any CPU
		{1459B6DC-EFC6-E704-0919-D3E8F6AF4D69}.Release|Any CPU.ActiveCfg = Release|Any CPU
		{1459B6DC-EFC6-E704-0919-D3E8F6AF4D69}.Release|Any CPU.Build.0 = Release|Any CPU
		{8315C4EF-B22B-992B-5FE9-0C772260C691}.Debug|Any CPU.ActiveCfg = Debug|Any CPU
		{8315C4EF-B22B-992B-5FE9-0C772260C691}.Debug|Any CPU.Build.0 = Debug|Any CPU
		{8315C4EF-B22B-992B-5FE9-0C772260C691}.Release|Any CPU.ActiveCfg = Release|Any CPU
		{8315C4EF-B22B-992B-5FE9-0C772260C691}.Release|Any CPU.Build.0 = Release|Any CPU
		{79B8A429-56F9-AFEF-EF71-5807ABD0CB91}.Debug|Any CPU.ActiveCfg = Debug|Any CPU
		{79B8A429-56F9-AFEF-EF71-5807ABD0CB91}.Debug|Any CPU.Build.0 = Debug|Any CPU
		{79B8A429-56F9-AFEF-EF71-5807ABD0CB91}.Release|Any CPU.ActiveCfg = Release|Any CPU
		{79B8A429-56F9-AFEF-EF71-5807ABD0CB91}.Release|Any CPU.Build.0 = Release|Any CPU
		{7FA7E91C-A642-F44A-D7D2-623E7E61769A}.Debug|Any CPU.ActiveCfg = Debug|Any CPU
		{7FA7E91C-A642-F44A-D7D2-623E7E61769A}.Debug|Any CPU.Build.0 = Debug|Any CPU
		{7FA7E91C-A642-F44A-D7D2-623E7E61769A}.Release|Any CPU.ActiveCfg = Release|Any CPU
		{7FA7E91C-A642-F44A-D7D2-623E7E61769A}.Release|Any CPU.Build.0 = Release|Any CPU
		{D439CA4F-B5BA-BE23-165D-30B4158C1070}.Debug|Any CPU.ActiveCfg = Debug|Any CPU
		{D439CA4F-B5BA-BE23-165D-30B4158C1070}.Debug|Any CPU.Build.0 = Debug|Any CPU
		{D439CA4F-B5BA-BE23-165D-30B4158C1070}.Release|Any CPU.ActiveCfg = Release|Any CPU
		{D439CA4F-B5BA-BE23-165D-30B4158C1070}.Release|Any CPU.Build.0 = Release|Any CPU
		{8D565580-E80D-BF63-AB29-A71D318D46B5}.Debug|Any CPU.ActiveCfg = Debug|Any CPU
		{8D565580-E80D-BF63-AB29-A71D318D46B5}.Debug|Any CPU.Build.0 = Debug|Any CPU
		{8D565580-E80D-BF63-AB29-A71D318D46B5}.Release|Any CPU.ActiveCfg = Release|Any CPU
		{8D565580-E80D-BF63-AB29-A71D318D46B5}.Release|Any CPU.Build.0 = Release|Any CPU
		{57C5109B-B25C-675A-C68A-51305B0270D7}.Debug|Any CPU.ActiveCfg = Debug|Any CPU
		{57C5109B-B25C-675A-C68A-51305B0270D7}.Debug|Any CPU.Build.0 = Debug|Any CPU
		{57C5109B-B25C-675A-C68A-51305B0270D7}.Release|Any CPU.ActiveCfg = Release|Any CPU
		{57C5109B-B25C-675A-C68A-51305B0270D7}.Release|Any CPU.Build.0 = Release|Any CPU
		{D88361D5-8D80-7DF1-C3E5-609DCDAA03F6}.Debug|Any CPU.ActiveCfg = Debug|Any CPU
		{D88361D5-8D80-7DF1-C3E5-609DCDAA03F6}.Debug|Any CPU.Build.0 = Debug|Any CPU
		{D88361D5-8D80-7DF1-C3E5-609DCDAA03F6}.Release|Any CPU.ActiveCfg = Release|Any CPU
		{D88361D5-8D80-7DF1-C3E5-609DCDAA03F6}.Release|Any CPU.Build.0 = Release|Any CPU
		{A0F2BFF0-89EA-B9BF-FDFC-C3313D5C08A4}.Debug|Any CPU.ActiveCfg = Debug|Any CPU
		{A0F2BFF0-89EA-B9BF-FDFC-C3313D5C08A4}.Debug|Any CPU.Build.0 = Debug|Any CPU
		{A0F2BFF0-89EA-B9BF-FDFC-C3313D5C08A4}.Release|Any CPU.ActiveCfg = Release|Any CPU
		{A0F2BFF0-89EA-B9BF-FDFC-C3313D5C08A4}.Release|Any CPU.Build.0 = Release|Any CPU
		{F5C1F915-5932-D8A4-D7EA-B242D65C83BB}.Debug|Any CPU.ActiveCfg = Debug|Any CPU
		{F5C1F915-5932-D8A4-D7EA-B242D65C83BB}.Debug|Any CPU.Build.0 = Debug|Any CPU
		{F5C1F915-5932-D8A4-D7EA-B242D65C83BB}.Release|Any CPU.ActiveCfg = Release|Any CPU
		{F5C1F915-5932-D8A4-D7EA-B242D65C83BB}.Release|Any CPU.Build.0 = Release|Any CPU
		{F661C543-6F22-BE97-4E15-E46C53244BF5}.Debug|Any CPU.ActiveCfg = Debug|Any CPU
		{F661C543-6F22-BE97-4E15-E46C53244BF5}.Debug|Any CPU.Build.0 = Debug|Any CPU
		{F661C543-6F22-BE97-4E15-E46C53244BF5}.Release|Any CPU.ActiveCfg = Release|Any CPU
		{F661C543-6F22-BE97-4E15-E46C53244BF5}.Release|Any CPU.Build.0 = Release|Any CPU
		{D4FF2258-6FBF-7AD4-E452-F891F164D79B}.Debug|Any CPU.ActiveCfg = Debug|Any CPU
		{D4FF2258-6FBF-7AD4-E452-F891F164D79B}.Debug|Any CPU.Build.0 = Debug|Any CPU
		{D4FF2258-6FBF-7AD4-E452-F891F164D79B}.Release|Any CPU.ActiveCfg = Release|Any CPU
		{D4FF2258-6FBF-7AD4-E452-F891F164D79B}.Release|Any CPU.Build.0 = Release|Any CPU
	EndGlobalSection
	GlobalSection(SolutionProperties) = preSolution
		HideSolutionNode = FALSE
	EndGlobalSection
EndGlobal
