
Microsoft Visual Studio Solution File, Format Version 11.00
# Visual Studio 2010
Project("{FAE04EC0-301F-11D3-BF4B-00C04F79EFBC}") = "UnityEngine.UI", "UnityEngine.UI.csproj", "{ad571f0e-f70d-4e9d-7805-431714c6c0db}"
EndProject
Project("{FAE04EC0-301F-11D3-BF4B-00C04F79EFBC}") = "com.unity.multiplayer-hlapi.Runtime", "com.unity.multiplayer-hlapi.Runtime.csproj", "{d00437f7-edd5-56d3-11a2-3cd909658ca4}"
EndProject
Project("{FAE04EC0-301F-11D3-BF4B-00C04F79EFBC}") = "Unity.RenderPipelines.Core.Runtime", "Unity.RenderPipelines.Core.Runtime.csproj", "{f3249fc6-2d31-dbd6-49ea-61401b56a0fe}"
EndProject
Project("{FAE04EC0-301F-11D3-BF4B-00C04F79EFBC}") = "Assembly-CSharp", "Assembly-CSharp.csproj", "{07b703c1-73b5-5516-5822-60892744d82b}"
EndProject
Project("{FAE04EC0-301F-11D3-BF4B-00C04F79EFBC}") = "UnityEngine.TestRunner", "UnityEngine.TestRunner.csproj", "{dcd51ce5-ba3b-8d51-f93b-688975f6587b}"
EndProject
Project("{FAE04EC0-301F-11D3-BF4B-00C04F79EFBC}") = "Unity.Mathematics", "Unity.Mathematics.csproj", "{189556da-845e-2592-1edf-9ce5dd4d091c}"
EndProject
Project("{FAE04EC0-301F-11D3-BF4B-00C04F79EFBC}") = "Unity.InputSystem", "Unity.InputSystem.csproj", "{aeb7ae40-c8fd-9894-93af-32b1d7fa7eee}"
EndProject
Project("{FAE04EC0-301F-11D3-BF4B-00C04F79EFBC}") = "Unity.RenderPipelines.Universal.Runtime", "Unity.RenderPipelines.Universal.Runtime.csproj", "{14e32ee4-41ca-2cfd-450c-f5055cfa1f9f}"
EndProject
Project("{FAE04EC0-301F-11D3-BF4B-00C04F79EFBC}") = "RuntimeInspector.Runtime", "RuntimeInspector.Runtime.csproj", "{f4c36709-167f-d5df-02a2-973987b3bfa4}"
EndProject
Project("{FAE04EC0-301F-11D3-BF4B-00C04F79EFBC}") = "MoreMountains.Tools.Cinemachine", "MoreMountains.Tools.Cinemachine.csproj", "{03b31f74-3663-093b-7623-da537f4c2e93}"
EndProject
Project("{FAE04EC0-301F-11D3-BF4B-00C04F79EFBC}") = "PhotonUnityNetworking.Demos", "PhotonUnityNetworking.Demos.csproj", "{7028085e-b48e-fa29-54c8-77ba8904c71b}"
EndProject
Project("{FAE04EC0-301F-11D3-BF4B-00C04F79EFBC}") = "MoreMountains.Tools", "MoreMountains.Tools.csproj", "{cdb08ac4-13c7-8e3d-1054-f1a38a21939a}"
EndProject
Project("{FAE04EC0-301F-11D3-BF4B-00C04F79EFBC}") = "Unity.TextMeshPro", "Unity.TextMeshPro.csproj", "{a05a62db-8747-16ba-f931-fd4fe520b207}"
EndProject
Project("{FAE04EC0-301F-11D3-BF4B-00C04F79EFBC}") = "Cinemachine", "Cinemachine.csproj", "{bb947e48-5a69-ffcd-7e33-de7594fd355c}"
EndProject
Project("{FAE04EC0-301F-11D3-BF4B-00C04F79EFBC}") = "Unity.Timeline", "Unity.Timeline.csproj", "{60d42dee-840a-8797-b37e-31fbf7205fc9}"
EndProject
Project("{FAE04EC0-301F-11D3-BF4B-00C04F79EFBC}") = "Unity.Postprocessing.Runtime", "Unity.Postprocessing.Runtime.csproj", "{9cacf371-1eb3-77b1-9bd9-72dd8ce6968d}"
EndProject
Project("{FAE04EC0-301F-11D3-BF4B-00C04F79EFBC}") = "PhotonRealtime", "PhotonRealtime.csproj", "{0e3c0141-e363-8729-331d-f10da427f728}"
EndProject
Project("{FAE04EC0-301F-11D3-BF4B-00C04F79EFBC}") = "PhotonUnityNetworking.Utilities", "PhotonUnityNetworking.Utilities.csproj", "{29bfd6e6-0a62-d394-35c2-dd9d728356c5}"
EndProject
Project("{FAE04EC0-301F-11D3-BF4B-00C04F79EFBC}") = "PhotonUnityNetworking", "PhotonUnityNetworking.csproj", "{961f017f-37d3-8a7a-4d68-714647330075}"
EndProject
Project("{FAE04EC0-301F-11D3-BF4B-00C04F79EFBC}") = "PhotonChat", "PhotonChat.csproj", "{9172d5c3-f915-b758-3ef6-79761d4f578b}"
EndProject
Project("{FAE04EC0-301F-11D3-BF4B-00C04F79EFBC}") = "MoreMountains.Tools.Feedbacks", "MoreMountains.Tools.Feedbacks.csproj", "{a252c132-dae2-056d-d8a9-919f98558e0e}"
EndProject
Project("{FAE04EC0-301F-11D3-BF4B-00C04F79EFBC}") = "Unity.RenderPipelines.Core.ShaderLibrary", "Unity.RenderPipelines.Core.ShaderLibrary.csproj", "{fbcdae66-e926-ab07-e1f7-db0f7302922e}"
EndProject
Project("{FAE04EC0-301F-11D3-BF4B-00C04F79EFBC}") = "Unity.RenderPipeline.Universal.ShaderLibrary", "Unity.RenderPipeline.Universal.ShaderLibrary.csproj", "{b9f01f47-8a8f-0a83-8008-1f9407bf39c7}"
EndProject
Project("{FAE04EC0-301F-11D3-BF4B-00C04F79EFBC}") = "MoreMountains.Tools.TextMeshPro", "MoreMountains.Tools.TextMeshPro.csproj", "{59964ad1-ac8e-4fbf-fd21-16098c557913}"
EndProject
Project("{FAE04EC0-301F-11D3-BF4B-00C04F79EFBC}") = "Unity.RenderPipelines.Universal.Shaders", "Unity.RenderPipelines.Universal.Shaders.csproj", "{acb340e7-6713-1a2f-67ce-cd5140426dcf}"
EndProject
Project("{FAE04EC0-301F-11D3-BF4B-00C04F79EFBC}") = "Unity.RenderPipelines.ShaderGraph.ShaderGraphLibrary", "Unity.RenderPipelines.ShaderGraph.ShaderGraphLibrary.csproj", "{a859b636-112f-6ef2-9c3f-8b65586c3625}"
EndProject
Project("{FAE04EC0-301F-11D3-BF4B-00C04F79EFBC}") = "MoreMountains.Feedbacks", "MoreMountains.Feedbacks.csproj", "{ea61995a-2c90-3abb-89a3-9ede8d1072d7}"
EndProject
Project("{FAE04EC0-301F-11D3-BF4B-00C04F79EFBC}") = "MoreMountains.Feedbacks.MMTools", "MoreMountains.Feedbacks.MMTools.csproj", "{6c3fbc31-3de7-7611-b788-3032ef6304ea}"
EndProject
Project("{FAE04EC0-301F-11D3-BF4B-00C04F79EFBC}") = "MoreMountains.Feedbacks.URP", "MoreMountains.Feedbacks.URP.csproj", "{e8650f5b-d50b-41f9-a025-2261594865a3}"
EndProject
Project("{FAE04EC0-301F-11D3-BF4B-00C04F79EFBC}") = "Lofelt.NiceVibrations.Demo", "Lofelt.NiceVibrations.Demo.csproj", "{9c6c3f11-f1e2-edc9-5ced-d3422b412440}"
EndProject
Project("{FAE04EC0-301F-11D3-BF4B-00C04F79EFBC}") = "MoreMountains.Feedbacks.NiceVibrations", "MoreMountains.Feedbacks.NiceVibrations.csproj", "{5b458540-ea8d-2729-ba2a-e7ec237bb8e7}"
EndProject
Project("{FAE04EC0-301F-11D3-BF4B-00C04F79EFBC}") = "MoreMountains.Feedbacks.TextMeshPro", "MoreMountains.Feedbacks.TextMeshPro.csproj", "{4337a0f4-8ff9-a4a1-917e-5ae29f70b9b9}"
EndProject
Project("{FAE04EC0-301F-11D3-BF4B-00C04F79EFBC}") = "Lofelt.NiceVibrations", "Lofelt.NiceVibrations.csproj", "{b15894fe-bf21-9a3f-81b5-657d66b16128}"
EndProject
Project("{FAE04EC0-301F-11D3-BF4B-00C04F79EFBC}") = "MoreMountains.Feedbacks.PostProcessing", "MoreMountains.Feedbacks.PostProcessing.csproj", "{464f20b2-0a40-376d-aa6b-359eef9c1260}"
EndProject
Project("{FAE04EC0-301F-11D3-BF4B-00C04F79EFBC}") = "MoreMountains.Feedbacks.Cinemachine", "MoreMountains.Feedbacks.Cinemachine.csproj", "{aae97602-96e8-923d-baaf-f22ae6efe481}"
EndProject
Project("{FAE04EC0-301F-11D3-BF4B-00C04F79EFBC}") = "MoreMountains.Feel.Demos.URP", "MoreMountains.Feel.Demos.URP.csproj", "{fb32e3ac-2910-0906-3884-cf9987f9ad4e}"
EndProject
Project("{FAE04EC0-301F-11D3-BF4B-00C04F79EFBC}") = "MoreMountains.Tools.Editor", "MoreMountains.Tools.Editor.csproj", "{f7f936ea-6d3c-5911-477b-a7058ecdd34c}"
EndProject
Project("{FAE04EC0-301F-11D3-BF4B-00C04F79EFBC}") = "Unity.PlasticSCM.Editor", "Unity.PlasticSCM.Editor.csproj", "{a5727033-35ee-5937-0c8f-210787d4baae}"
EndProject
Project("{FAE04EC0-301F-11D3-BF4B-00C04F79EFBC}") = "Unity.ShaderGraph.Editor", "Unity.ShaderGraph.Editor.csproj", "{7af512d6-f0a3-c28d-df89-d2dd1a25c907}"
EndProject
Project("{FAE04EC0-301F-11D3-BF4B-00C04F79EFBC}") = "Unity.VisualStudio.Editor", "Unity.VisualStudio.Editor.csproj", "{4163b4f7-f8e8-cb62-9942-eebe2871e4e9}"
EndProject
Project("{FAE04EC0-301F-11D3-BF4B-00C04F79EFBC}") = "PhotonUnityNetworking.Editor", "PhotonUnityNetworking.Editor.csproj", "{e0345a94-a9f3-ccd1-19aa-cc88cd674a33}"
EndProject
Project("{FAE04EC0-301F-11D3-BF4B-00C04F79EFBC}") = "Unity.Timeline.Editor", "Unity.Timeline.Editor.csproj", "{239b659a-4629-bc6f-8d4c-f416d0c81165}"
EndProject
Project("{FAE04EC0-301F-11D3-BF4B-00C04F79EFBC}") = "com.unity.cinemachine.editor", "com.unity.cinemachine.editor.csproj", "{4d962eef-a906-def7-267b-bb522bb8e8a3}"
EndProject
Project("{FAE04EC0-301F-11D3-BF4B-00C04F79EFBC}") = "Unity.TextMeshPro.Editor", "Unity.TextMeshPro.Editor.csproj", "{c9227dda-659d-fa66-6a35-60d7a667718b}"
EndProject
Project("{FAE04EC0-301F-11D3-BF4B-00C04F79EFBC}") = "Unity.CollabProxy.Editor", "Unity.CollabProxy.Editor.csproj", "{fdd28f65-0659-1b99-81d9-818ea3a44606}"
EndProject
Project("{FAE04EC0-301F-11D3-BF4B-00C04F79EFBC}") = "Unity.Postprocessing.Editor", "Unity.Postprocessing.Editor.csproj", "{f355c3f4-9aef-e908-630c-aab930042fe2}"
EndProject
Project("{FAE04EC0-301F-11D3-BF4B-00C04F79EFBC}") = "UnityEditor.TestRunner", "UnityEditor.TestRunner.csproj", "{dc928b88-2965-7182-9ac0-4f61c9dbb8fc}"
EndProject
Project("{FAE04EC0-301F-11D3-BF4B-00C04F79EFBC}") = "Unity.Rider.Editor", "Unity.Rider.Editor.csproj", "{3fe65529-08a9-a8cd-f51e-7b92c5165055}"
EndProject
Project("{FAE04EC0-301F-11D3-BF4B-00C04F79EFBC}") = "Unity.RenderPipelines.Universal.Editor", "Unity.RenderPipelines.Universal.Editor.csproj", "{876667e4-5263-fe22-958e-a8e6a02b6efc}"
EndProject
Project("{FAE04EC0-301F-11D3-BF4B-00C04F79EFBC}") = "Unity.Services.Core.Editor", "Unity.Services.Core.Editor.csproj", "{0820667a-41da-f49f-0fa8-7a56d4ae290a}"
EndProject
Project("{FAE04EC0-301F-11D3-BF4B-00C04F79EFBC}") = "com.unity.multiplayer-hlapi.Editor", "com.unity.multiplayer-hlapi.Editor.csproj", "{695b3d60-52f2-fef5-0db6-48dadacb424c}"
EndProject
Project("{FAE04EC0-301F-11D3-BF4B-00C04F79EFBC}") = "Unity.RenderPipelines.Core.Editor", "Unity.RenderPipelines.Core.Editor.csproj", "{2247dd39-736c-ab11-bf73-4779e234509e}"
EndProject
Project("{FAE04EC0-301F-11D3-BF4B-00C04F79EFBC}") = "Assembly-CSharp-Editor", "Assembly-CSharp-Editor.csproj", "{474630a6-6416-32cd-0717-a1c4a8c5b1cf}"
EndProject
Project("{FAE04EC0-301F-11D3-BF4B-00C04F79EFBC}") = "Unity.Searcher.Editor", "Unity.Searcher.Editor.csproj", "{bcd775e0-c5c5-9df3-74a1-356d21cfbca8}"
EndProject
Project("{FAE04EC0-301F-11D3-BF4B-00C04F79EFBC}") = "com.unity.multiplayer-weaver.Editor", "com.unity.multiplayer-weaver.Editor.csproj", "{3db56ebf-e41d-3f5e-81d3-8f9a7528b827}"
EndProject
Project("{FAE04EC0-301F-11D3-BF4B-00C04F79EFBC}") = "Unity.VSCode.Editor", "Unity.VSCode.Editor.csproj", "{f2ea7c59-e8f4-5ce5-4b2b-ce339be7d9c9}"
EndProject
Project("{FAE04EC0-301F-11D3-BF4B-00C04F79EFBC}") = "Unity.2D.Sprite.Editor", "Unity.2D.Sprite.Editor.csproj", "{1b653d9e-a6a0-ee10-afc9-d8f702b9d28d}"
EndProject
Project("{FAE04EC0-301F-11D3-BF4B-00C04F79EFBC}") = "UnityEditor.UI", "UnityEditor.UI.csproj", "{698f8718-ac21-aa9e-ef86-e1e4e417b1db}"
EndProject
Project("{FAE04EC0-301F-11D3-BF4B-00C04F79EFBC}") = "PhotonUnityNetworking.Utilities.PhotonPlayer.Editor", "PhotonUnityNetworking.Utilities.PhotonPlayer.Editor.csproj", "{74bafd0c-66c4-57ba-f511-b1d0f2f4c77f}"
EndProject
Project("{FAE04EC0-301F-11D3-BF4B-00C04F79EFBC}") = "Unity.Mathematics.Editor", "Unity.Mathematics.Editor.csproj", "{67447fe4-d462-78e5-ae54-187ec58e5e2b}"
EndProject
Project("{FAE04EC0-301F-11D3-BF4B-00C04F79EFBC}") = "PunDemos.DemoSlotcarEditor", "PunDemos.DemoSlotcarEditor.csproj", "{3b53fddf-49d6-d367-dfad-21763f8b69e5}"
EndProject
Project("{FAE04EC0-301F-11D3-BF4B-00C04F79EFBC}") = "MoreMountains.Tools.Feedbacks.Editor", "MoreMountains.Tools.Feedbacks.Editor.csproj", "{9922e8f7-e4f6-2bc5-dfa0-e423bed1aa1f}"
EndProject
Project("{FAE04EC0-301F-11D3-BF4B-00C04F79EFBC}") = "PhotonUnityNetworking.Utilities.Culling.Editor", "PhotonUnityNetworking.Utilities.Culling.Editor.csproj", "{abbebd75-f0c9-4ca0-6f3c-cbba1f00f86a}"
EndProject
Project("{FAE04EC0-301F-11D3-BF4B-00C04F79EFBC}") = "PunDemos.DemoHubEditor", "PunDemos.DemoHubEditor.csproj", "{eff0a3dd-f657-c9ab-33fe-5d86c8fd5822}"
EndProject
Project("{FAE04EC0-301F-11D3-BF4B-00C04F79EFBC}") = "Unity.ShaderGraph.Utilities", "Unity.ShaderGraph.Utilities.csproj", "{90a85ec3-6d5a-d852-359e-d7f76b0eaba4}"
EndProject
Project("{FAE04EC0-301F-11D3-BF4B-00C04F79EFBC}") = "MoreMountains.Feedbacks.Editor", "MoreMountains.Feedbacks.Editor.csproj", "{cb31868b-e700-d8a2-8906-fc4afe4af3cc}"
EndProject
Project("{FAE04EC0-301F-11D3-BF4B-00C04F79EFBC}") = "Lofelt.NiceVibrations.Editor", "Lofelt.NiceVibrations.Editor.csproj", "{3fb968de-7db5-b96b-a165-70581fddec30}"
EndProject
Global
	GlobalSection(SolutionConfigurationPlatforms) = preSolution
		Debug|Any CPU = Debug|Any CPU
	EndGlobalSection
	GlobalSection(ProjectConfigurationPlatforms) = postSolution
		{ad571f0e-f70d-4e9d-7805-431714c6c0db}.Debug|Any CPU.ActiveCfg = Debug|Any CPU
		{ad571f0e-f70d-4e9d-7805-431714c6c0db}.Debug|Any CPU.Build.0 = Debug|Any CPU
		{d00437f7-edd5-56d3-11a2-3cd909658ca4}.Debug|Any CPU.ActiveCfg = Debug|Any CPU
		{d00437f7-edd5-56d3-11a2-3cd909658ca4}.Debug|Any CPU.Build.0 = Debug|Any CPU
		{f3249fc6-2d31-dbd6-49ea-61401b56a0fe}.Debug|Any CPU.ActiveCfg = Debug|Any CPU
		{f3249fc6-2d31-dbd6-49ea-61401b56a0fe}.Debug|Any CPU.Build.0 = Debug|Any CPU
		{07b703c1-73b5-5516-5822-60892744d82b}.Debug|Any CPU.ActiveCfg = Debug|Any CPU
		{07b703c1-73b5-5516-5822-60892744d82b}.Debug|Any CPU.Build.0 = Debug|Any CPU
		{dcd51ce5-ba3b-8d51-f93b-688975f6587b}.Debug|Any CPU.ActiveCfg = Debug|Any CPU
		{dcd51ce5-ba3b-8d51-f93b-688975f6587b}.Debug|Any CPU.Build.0 = Debug|Any CPU
		{189556da-845e-2592-1edf-9ce5dd4d091c}.Debug|Any CPU.ActiveCfg = Debug|Any CPU
		{189556da-845e-2592-1edf-9ce5dd4d091c}.Debug|Any CPU.Build.0 = Debug|Any CPU
		{aeb7ae40-c8fd-9894-93af-32b1d7fa7eee}.Debug|Any CPU.ActiveCfg = Debug|Any CPU
		{aeb7ae40-c8fd-9894-93af-32b1d7fa7eee}.Debug|Any CPU.Build.0 = Debug|Any CPU
		{14e32ee4-41ca-2cfd-450c-f5055cfa1f9f}.Debug|Any CPU.ActiveCfg = Debug|Any CPU
		{14e32ee4-41ca-2cfd-450c-f5055cfa1f9f}.Debug|Any CPU.Build.0 = Debug|Any CPU
		{f4c36709-167f-d5df-02a2-973987b3bfa4}.Debug|Any CPU.ActiveCfg = Debug|Any CPU
		{f4c36709-167f-d5df-02a2-973987b3bfa4}.Debug|Any CPU.Build.0 = Debug|Any CPU
		{03b31f74-3663-093b-7623-da537f4c2e93}.Debug|Any CPU.ActiveCfg = Debug|Any CPU
		{03b31f74-3663-093b-7623-da537f4c2e93}.Debug|Any CPU.Build.0 = Debug|Any CPU
		{7028085e-b48e-fa29-54c8-77ba8904c71b}.Debug|Any CPU.ActiveCfg = Debug|Any CPU
		{7028085e-b48e-fa29-54c8-77ba8904c71b}.Debug|Any CPU.Build.0 = Debug|Any CPU
		{cdb08ac4-13c7-8e3d-1054-f1a38a21939a}.Debug|Any CPU.ActiveCfg = Debug|Any CPU
		{cdb08ac4-13c7-8e3d-1054-f1a38a21939a}.Debug|Any CPU.Build.0 = Debug|Any CPU
		{a05a62db-8747-16ba-f931-fd4fe520b207}.Debug|Any CPU.ActiveCfg = Debug|Any CPU
		{a05a62db-8747-16ba-f931-fd4fe520b207}.Debug|Any CPU.Build.0 = Debug|Any CPU
		{bb947e48-5a69-ffcd-7e33-de7594fd355c}.Debug|Any CPU.ActiveCfg = Debug|Any CPU
		{bb947e48-5a69-ffcd-7e33-de7594fd355c}.Debug|Any CPU.Build.0 = Debug|Any CPU
		{60d42dee-840a-8797-b37e-31fbf7205fc9}.Debug|Any CPU.ActiveCfg = Debug|Any CPU
		{60d42dee-840a-8797-b37e-31fbf7205fc9}.Debug|Any CPU.Build.0 = Debug|Any CPU
		{9cacf371-1eb3-77b1-9bd9-72dd8ce6968d}.Debug|Any CPU.ActiveCfg = Debug|Any CPU
		{9cacf371-1eb3-77b1-9bd9-72dd8ce6968d}.Debug|Any CPU.Build.0 = Debug|Any CPU
		{0e3c0141-e363-8729-331d-f10da427f728}.Debug|Any CPU.ActiveCfg = Debug|Any CPU
		{0e3c0141-e363-8729-331d-f10da427f728}.Debug|Any CPU.Build.0 = Debug|Any CPU
		{29bfd6e6-0a62-d394-35c2-dd9d728356c5}.Debug|Any CPU.ActiveCfg = Debug|Any CPU
		{29bfd6e6-0a62-d394-35c2-dd9d728356c5}.Debug|Any CPU.Build.0 = Debug|Any CPU
		{961f017f-37d3-8a7a-4d68-714647330075}.Debug|Any CPU.ActiveCfg = Debug|Any CPU
		{961f017f-37d3-8a7a-4d68-714647330075}.Debug|Any CPU.Build.0 = Debug|Any CPU
		{9172d5c3-f915-b758-3ef6-79761d4f578b}.Debug|Any CPU.ActiveCfg = Debug|Any CPU
		{9172d5c3-f915-b758-3ef6-79761d4f578b}.Debug|Any CPU.Build.0 = Debug|Any CPU
		{a252c132-dae2-056d-d8a9-919f98558e0e}.Debug|Any CPU.ActiveCfg = Debug|Any CPU
		{a252c132-dae2-056d-d8a9-919f98558e0e}.Debug|Any CPU.Build.0 = Debug|Any CPU
		{fbcdae66-e926-ab07-e1f7-db0f7302922e}.Debug|Any CPU.ActiveCfg = Debug|Any CPU
		{fbcdae66-e926-ab07-e1f7-db0f7302922e}.Debug|Any CPU.Build.0 = Debug|Any CPU
		{b9f01f47-8a8f-0a83-8008-1f9407bf39c7}.Debug|Any CPU.ActiveCfg = Debug|Any CPU
		{b9f01f47-8a8f-0a83-8008-1f9407bf39c7}.Debug|Any CPU.Build.0 = Debug|Any CPU
		{59964ad1-ac8e-4fbf-fd21-16098c557913}.Debug|Any CPU.ActiveCfg = Debug|Any CPU
		{59964ad1-ac8e-4fbf-fd21-16098c557913}.Debug|Any CPU.Build.0 = Debug|Any CPU
		{acb340e7-6713-1a2f-67ce-cd5140426dcf}.Debug|Any CPU.ActiveCfg = Debug|Any CPU
		{acb340e7-6713-1a2f-67ce-cd5140426dcf}.Debug|Any CPU.Build.0 = Debug|Any CPU
		{a859b636-112f-6ef2-9c3f-8b65586c3625}.Debug|Any CPU.ActiveCfg = Debug|Any CPU
		{a859b636-112f-6ef2-9c3f-8b65586c3625}.Debug|Any CPU.Build.0 = Debug|Any CPU
		{ea61995a-2c90-3abb-89a3-9ede8d1072d7}.Debug|Any CPU.ActiveCfg = Debug|Any CPU
		{ea61995a-2c90-3abb-89a3-9ede8d1072d7}.Debug|Any CPU.Build.0 = Debug|Any CPU
		{6c3fbc31-3de7-7611-b788-3032ef6304ea}.Debug|Any CPU.ActiveCfg = Debug|Any CPU
		{6c3fbc31-3de7-7611-b788-3032ef6304ea}.Debug|Any CPU.Build.0 = Debug|Any CPU
		{e8650f5b-d50b-41f9-a025-2261594865a3}.Debug|Any CPU.ActiveCfg = Debug|Any CPU
		{e8650f5b-d50b-41f9-a025-2261594865a3}.Debug|Any CPU.Build.0 = Debug|Any CPU
		{9c6c3f11-f1e2-edc9-5ced-d3422b412440}.Debug|Any CPU.ActiveCfg = Debug|Any CPU
		{9c6c3f11-f1e2-edc9-5ced-d3422b412440}.Debug|Any CPU.Build.0 = Debug|Any CPU
		{5b458540-ea8d-2729-ba2a-e7ec237bb8e7}.Debug|Any CPU.ActiveCfg = Debug|Any CPU
		{5b458540-ea8d-2729-ba2a-e7ec237bb8e7}.Debug|Any CPU.Build.0 = Debug|Any CPU
		{4337a0f4-8ff9-a4a1-917e-5ae29f70b9b9}.Debug|Any CPU.ActiveCfg = Debug|Any CPU
		{4337a0f4-8ff9-a4a1-917e-5ae29f70b9b9}.Debug|Any CPU.Build.0 = Debug|Any CPU
		{b15894fe-bf21-9a3f-81b5-657d66b16128}.Debug|Any CPU.ActiveCfg = Debug|Any CPU
		{b15894fe-bf21-9a3f-81b5-657d66b16128}.Debug|Any CPU.Build.0 = Debug|Any CPU
		{464f20b2-0a40-376d-aa6b-359eef9c1260}.Debug|Any CPU.ActiveCfg = Debug|Any CPU
		{464f20b2-0a40-376d-aa6b-359eef9c1260}.Debug|Any CPU.Build.0 = Debug|Any CPU
		{aae97602-96e8-923d-baaf-f22ae6efe481}.Debug|Any CPU.ActiveCfg = Debug|Any CPU
		{aae97602-96e8-923d-baaf-f22ae6efe481}.Debug|Any CPU.Build.0 = Debug|Any CPU
		{fb32e3ac-2910-0906-3884-cf9987f9ad4e}.Debug|Any CPU.ActiveCfg = Debug|Any CPU
		{fb32e3ac-2910-0906-3884-cf9987f9ad4e}.Debug|Any CPU.Build.0 = Debug|Any CPU
		{f7f936ea-6d3c-5911-477b-a7058ecdd34c}.Debug|Any CPU.ActiveCfg = Debug|Any CPU
		{f7f936ea-6d3c-5911-477b-a7058ecdd34c}.Debug|Any CPU.Build.0 = Debug|Any CPU
		{a5727033-35ee-5937-0c8f-210787d4baae}.Debug|Any CPU.ActiveCfg = Debug|Any CPU
		{a5727033-35ee-5937-0c8f-210787d4baae}.Debug|Any CPU.Build.0 = Debug|Any CPU
		{7af512d6-f0a3-c28d-df89-d2dd1a25c907}.Debug|Any CPU.ActiveCfg = Debug|Any CPU
		{7af512d6-f0a3-c28d-df89-d2dd1a25c907}.Debug|Any CPU.Build.0 = Debug|Any CPU
		{4163b4f7-f8e8-cb62-9942-eebe2871e4e9}.Debug|Any CPU.ActiveCfg = Debug|Any CPU
		{4163b4f7-f8e8-cb62-9942-eebe2871e4e9}.Debug|Any CPU.Build.0 = Debug|Any CPU
		{e0345a94-a9f3-ccd1-19aa-cc88cd674a33}.Debug|Any CPU.ActiveCfg = Debug|Any CPU
		{e0345a94-a9f3-ccd1-19aa-cc88cd674a33}.Debug|Any CPU.Build.0 = Debug|Any CPU
		{239b659a-4629-bc6f-8d4c-f416d0c81165}.Debug|Any CPU.ActiveCfg = Debug|Any CPU
		{239b659a-4629-bc6f-8d4c-f416d0c81165}.Debug|Any CPU.Build.0 = Debug|Any CPU
		{4d962eef-a906-def7-267b-bb522bb8e8a3}.Debug|Any CPU.ActiveCfg = Debug|Any CPU
		{4d962eef-a906-def7-267b-bb522bb8e8a3}.Debug|Any CPU.Build.0 = Debug|Any CPU
		{c9227dda-659d-fa66-6a35-60d7a667718b}.Debug|Any CPU.ActiveCfg = Debug|Any CPU
		{c9227dda-659d-fa66-6a35-60d7a667718b}.Debug|Any CPU.Build.0 = Debug|Any CPU
		{fdd28f65-0659-1b99-81d9-818ea3a44606}.Debug|Any CPU.ActiveCfg = Debug|Any CPU
		{fdd28f65-0659-1b99-81d9-818ea3a44606}.Debug|Any CPU.Build.0 = Debug|Any CPU
		{f355c3f4-9aef-e908-630c-aab930042fe2}.Debug|Any CPU.ActiveCfg = Debug|Any CPU
		{f355c3f4-9aef-e908-630c-aab930042fe2}.Debug|Any CPU.Build.0 = Debug|Any CPU
		{dc928b88-2965-7182-9ac0-4f61c9dbb8fc}.Debug|Any CPU.ActiveCfg = Debug|Any CPU
		{dc928b88-2965-7182-9ac0-4f61c9dbb8fc}.Debug|Any CPU.Build.0 = Debug|Any CPU
		{3fe65529-08a9-a8cd-f51e-7b92c5165055}.Debug|Any CPU.ActiveCfg = Debug|Any CPU
		{3fe65529-08a9-a8cd-f51e-7b92c5165055}.Debug|Any CPU.Build.0 = Debug|Any CPU
		{876667e4-5263-fe22-958e-a8e6a02b6efc}.Debug|Any CPU.ActiveCfg = Debug|Any CPU
		{876667e4-5263-fe22-958e-a8e6a02b6efc}.Debug|Any CPU.Build.0 = Debug|Any CPU
		{0820667a-41da-f49f-0fa8-7a56d4ae290a}.Debug|Any CPU.ActiveCfg = Debug|Any CPU
		{0820667a-41da-f49f-0fa8-7a56d4ae290a}.Debug|Any CPU.Build.0 = Debug|Any CPU
		{695b3d60-52f2-fef5-0db6-48dadacb424c}.Debug|Any CPU.ActiveCfg = Debug|Any CPU
		{695b3d60-52f2-fef5-0db6-48dadacb424c}.Debug|Any CPU.Build.0 = Debug|Any CPU
		{2247dd39-736c-ab11-bf73-4779e234509e}.Debug|Any CPU.ActiveCfg = Debug|Any CPU
		{2247dd39-736c-ab11-bf73-4779e234509e}.Debug|Any CPU.Build.0 = Debug|Any CPU
		{474630a6-6416-32cd-0717-a1c4a8c5b1cf}.Debug|Any CPU.ActiveCfg = Debug|Any CPU
		{474630a6-6416-32cd-0717-a1c4a8c5b1cf}.Debug|Any CPU.Build.0 = Debug|Any CPU
		{bcd775e0-c5c5-9df3-74a1-356d21cfbca8}.Debug|Any CPU.ActiveCfg = Debug|Any CPU
		{bcd775e0-c5c5-9df3-74a1-356d21cfbca8}.Debug|Any CPU.Build.0 = Debug|Any CPU
		{3db56ebf-e41d-3f5e-81d3-8f9a7528b827}.Debug|Any CPU.ActiveCfg = Debug|Any CPU
		{3db56ebf-e41d-3f5e-81d3-8f9a7528b827}.Debug|Any CPU.Build.0 = Debug|Any CPU
		{f2ea7c59-e8f4-5ce5-4b2b-ce339be7d9c9}.Debug|Any CPU.ActiveCfg = Debug|Any CPU
		{f2ea7c59-e8f4-5ce5-4b2b-ce339be7d9c9}.Debug|Any CPU.Build.0 = Debug|Any CPU
		{1b653d9e-a6a0-ee10-afc9-d8f702b9d28d}.Debug|Any CPU.ActiveCfg = Debug|Any CPU
		{1b653d9e-a6a0-ee10-afc9-d8f702b9d28d}.Debug|Any CPU.Build.0 = Debug|Any CPU
		{698f8718-ac21-aa9e-ef86-e1e4e417b1db}.Debug|Any CPU.ActiveCfg = Debug|Any CPU
		{698f8718-ac21-aa9e-ef86-e1e4e417b1db}.Debug|Any CPU.Build.0 = Debug|Any CPU
		{74bafd0c-66c4-57ba-f511-b1d0f2f4c77f}.Debug|Any CPU.ActiveCfg = Debug|Any CPU
		{74bafd0c-66c4-57ba-f511-b1d0f2f4c77f}.Debug|Any CPU.Build.0 = Debug|Any CPU
		{67447fe4-d462-78e5-ae54-187ec58e5e2b}.Debug|Any CPU.ActiveCfg = Debug|Any CPU
		{67447fe4-d462-78e5-ae54-187ec58e5e2b}.Debug|Any CPU.Build.0 = Debug|Any CPU
		{3b53fddf-49d6-d367-dfad-21763f8b69e5}.Debug|Any CPU.ActiveCfg = Debug|Any CPU
		{3b53fddf-49d6-d367-dfad-21763f8b69e5}.Debug|Any CPU.Build.0 = Debug|Any CPU
		{9922e8f7-e4f6-2bc5-dfa0-e423bed1aa1f}.Debug|Any CPU.ActiveCfg = Debug|Any CPU
		{9922e8f7-e4f6-2bc5-dfa0-e423bed1aa1f}.Debug|Any CPU.Build.0 = Debug|Any CPU
		{abbebd75-f0c9-4ca0-6f3c-cbba1f00f86a}.Debug|Any CPU.ActiveCfg = Debug|Any CPU
		{abbebd75-f0c9-4ca0-6f3c-cbba1f00f86a}.Debug|Any CPU.Build.0 = Debug|Any CPU
		{eff0a3dd-f657-c9ab-33fe-5d86c8fd5822}.Debug|Any CPU.ActiveCfg = Debug|Any CPU
		{eff0a3dd-f657-c9ab-33fe-5d86c8fd5822}.Debug|Any CPU.Build.0 = Debug|Any CPU
		{90a85ec3-6d5a-d852-359e-d7f76b0eaba4}.Debug|Any CPU.ActiveCfg = Debug|Any CPU
		{90a85ec3-6d5a-d852-359e-d7f76b0eaba4}.Debug|Any CPU.Build.0 = Debug|Any CPU
		{cb31868b-e700-d8a2-8906-fc4afe4af3cc}.Debug|Any CPU.ActiveCfg = Debug|Any CPU
		{cb31868b-e700-d8a2-8906-fc4afe4af3cc}.Debug|Any CPU.Build.0 = Debug|Any CPU
		{3fb968de-7db5-b96b-a165-70581fddec30}.Debug|Any CPU.ActiveCfg = Debug|Any CPU
		{3fb968de-7db5-b96b-a165-70581fddec30}.Debug|Any CPU.Build.0 = Debug|Any CPU
	EndGlobalSection
	GlobalSection(SolutionProperties) = preSolution
		HideSolutionNode = FALSE
	EndGlobalSection
EndGlobal
